
Microsoft Visual Studio Solution File, Format Version 12.00
# Visual Studio 2012
Project("{2150E333-8FDC-42A3-9474-1A3956D46DE8}") = "Solution Items", "Solution Items", "{91980E14-6FB0-4AE1-B381-5D00B9B9F7B3}"
	ProjectSection(SolutionItems) = preProject
		LocalTestRun.testrunconfig = LocalTestRun.testrunconfig
		localtestrun222.testrunconfig = localtestrun222.testrunconfig
		Performance1.psess = Performance1.psess
		Performance2.psess = Performance2.psess
		Performance3.psess = Performance3.psess
		Performance4.psess = Performance4.psess
		Performance5.psess = Performance5.psess
		Performance6.psess = Performance6.psess
		WindowsApplication1.vsmdi = WindowsApplication1.vsmdi
	EndProjectSection
EndProject
Project("{2150E333-8FDC-42A3-9474-1A3956D46DE8}") = "Licensed", "Licensed", "{C34B8B90-F727-43D5-AC70-BEFB5922FB66}"
EndProject
Project("{2150E333-8FDC-42A3-9474-1A3956D46DE8}") = "Tests", "Tests", "{226FD0A4-BF4F-454C-92AF-E41817844F9D}"
EndProject
Project("{2150E333-8FDC-42A3-9474-1A3956D46DE8}") = "SyncMobile", "SyncMobile", "{9C9C352C-2364-46E7-B910-7F92C69CB3CF}"
EndProject
Project("{FAE04EC0-301F-11D3-BF4B-00C04F79EFBC}") = "Siaqodb (.NET 3.5)", "siaqodb\Siaqodb (.NET 3.5).csproj", "{243748A0-9797-4FA9-A805-D71127EAC3DA}"
EndProject
Project("{FAE04EC0-301F-11D3-BF4B-00C04F79EFBC}") = "TestSiaqodb", "TestSiaqodb\TestSiaqodb.csproj", "{DF6489D8-1CF8-4043-BAEC-E12662CA8EF3}"
EndProject
Project("{FAE04EC0-301F-11D3-BF4B-00C04F79EFBC}") = "TestSiaqodbSilver", "TestSiaqodbSilverlight\TestSiaqodbSilver.csproj", "{66F65EB0-FFEC-4C00-93BA-32BEFC3D8CED}"
EndProject
Project("{FAE04EC0-301F-11D3-BF4B-00C04F79EFBC}") = "LicenseActivation", "LicenseActivation4\LicenseActivation.csproj", "{30F09B47-76F8-41C2-B714-16B8D83E8990}"
EndProject
Project("{FAE04EC0-301F-11D3-BF4B-00C04F79EFBC}") = "sla4", "LicenseActivation4\sla4\sla4.csproj", "{7D1ED167-38FE-4E34-BFA3-3670C9068F19}"
EndProject
Project("{FAE04EC0-301F-11D3-BF4B-00C04F79EFBC}") = "SiaqodbDemoEntities", "SiaqodbEntities\SiaqodbDemoEntities.csproj", "{F06F7C97-EF21-4ED0-B0FE-F2413CDDBE8D}"
EndProject
Project("{FAE04EC0-301F-11D3-BF4B-00C04F79EFBC}") = "SiaqodbManagerLicensed", "SiaqodbManager2\SiaqodbManagerLicensed.csproj", "{5F7CF529-EE82-4B80-BA56-542069DA7AAD}"
EndProject
Project("{FAE04EC0-301F-11D3-BF4B-00C04F79EFBC}") = "Siaqodb (Unity3D)", "siaqodb\Siaqodb (Unity3D).csproj", "{19368999-DD20-4534-8377-3D58063F8CFD}"
EndProject
Project("{FAE04EC0-301F-11D3-BF4B-00C04F79EFBC}") = "LicenseActivationMac", "LicenseActivationMac\LicenseActivationMac.csproj", "{D9F92E1A-296A-4539-A57A-ACDAC6E41E7D}"
EndProject
Project("{FAE04EC0-301F-11D3-BF4B-00C04F79EFBC}") = "SyncCacheController (.NET 4.0)", "SyncFramework\SyncCacheController\SyncCacheController (.NET 4.0).csproj", "{46D6975E-C66B-4924-9CBA-6AB1A232C9C3}"
EndProject
Project("{FAE04EC0-301F-11D3-BF4B-00C04F79EFBC}") = "SyncCacheController (SL 4)", "SyncFramework\SyncCacheController\SyncCacheController (SL 4).csproj", "{562ACF90-AB6B-428A-B510-7F8485802EEB}"
EndProject
Project("{FAE04EC0-301F-11D3-BF4B-00C04F79EFBC}") = "SiaqodbManagerMonoLicensed", "SiaqodbManagerMono\SiaqodbManagerMonoLicensed.csproj", "{0DCB8EF9-C3D0-41F6-A0E2-F2A1CB0F6601}"
EndProject
Project("{FAE04EC0-301F-11D3-BF4B-00C04F79EFBC}") = "UnitTestsSiaqodbWinRT", "UnitTestsSiaqodbWinRT\UnitTestsSiaqodbWinRT.csproj", "{B6F63D1C-1916-4B9D-8511-24B85E161E27}"
EndProject
Project("{2150E333-8FDC-42A3-9474-1A3956D46DE8}") = "SyncFramework", "SyncFramework", "{E064ACE9-0E16-4DF4-8835-4756E9B9D8E0}"
EndProject
Project("{FAE04EC0-301F-11D3-BF4B-00C04F79EFBC}") = "SiaqodbSyncProvider (WP 7.1)", "SyncFramework\SiaqodbSyncProvider\SiaqodbSyncProvider (WP 7.1).csproj", "{25002B8B-343A-4BB7-9537-D2C7D9CCB76E}"
EndProject
Project("{FAE04EC0-301F-11D3-BF4B-00C04F79EFBC}") = "SiaqodbSyncProvider (SL 4)", "SyncFramework\SiaqodbSyncProvider\SiaqodbSyncProvider (SL 4).csproj", "{E04880B9-366E-43C2-8690-9DFEDDA6CA16}"
EndProject
Project("{FAE04EC0-301F-11D3-BF4B-00C04F79EFBC}") = "SiaqodbSyncProvider (WP 8)", "SyncFramework\SiaqodbSyncProvider\SiaqodbSyncProvider (WP 8).csproj", "{4FBB065A-B059-4B72-95BC-96BB0428BF93}"
EndProject
Project("{FAE04EC0-301F-11D3-BF4B-00C04F79EFBC}") = "TestSiaqodbAsync", "TestSiaqodbAsync\TestSiaqodbAsync.csproj", "{63E2AEC3-3A85-480F-990F-286C8D7B35C8}"
EndProject
Project("{FAE04EC0-301F-11D3-BF4B-00C04F79EFBC}") = "Siaqodb (WinRT)", "siaqodb\Siaqodb (WinRT).csproj", "{A909273F-5824-4024-A99A-827D4648C6E9}"
EndProject
Project("{FAE04EC0-301F-11D3-BF4B-00C04F79EFBC}") = "Siaqodb (.NET 4.0)", "siaqodb\Siaqodb (.NET 4.0).csproj", "{1A63AC55-861B-4498-B54F-0EFFFA77AEDC}"
EndProject
Project("{FAE04EC0-301F-11D3-BF4B-00C04F79EFBC}") = "Siaqodb (.NET 4.5)", "siaqodb\Siaqodb (.NET 4.5).csproj", "{F5BD2E1F-DCDD-4A1C-8130-236C2D75FF93}"
EndProject
Project("{FAE04EC0-301F-11D3-BF4B-00C04F79EFBC}") = "Siaqodb (SL 4)", "siaqodb\Siaqodb (SL 4).csproj", "{D6A37A0E-F504-477B-903F-775D5E02B0A0}"
EndProject
Project("{FAE04EC0-301F-11D3-BF4B-00C04F79EFBC}") = "Siaqodb (WP 7.1)", "siaqodb\Siaqodb (WP 7.1).csproj", "{6F6C6312-D149-416D-8AD4-1B6DE197391B}"
EndProject
Project("{FAE04EC0-301F-11D3-BF4B-00C04F79EFBC}") = "Siaqodb (WP 8)", "siaqodb\Siaqodb (WP 8).csproj", "{7E436A50-A897-4599-A162-9FCA1673B3C2}"
EndProject
Project("{FAE04EC0-301F-11D3-BF4B-00C04F79EFBC}") = "SyncCacheController (WP)", "SyncFramework\SyncCacheController\SyncCacheController (WP).csproj", "{C4D0C333-D6FA-46D5-A513-AC71E4805789}"
EndProject
Project("{FAE04EC0-301F-11D3-BF4B-00C04F79EFBC}") = "WindowsFormsApplication1", "WindowsFormsApplication1\WindowsFormsApplication1.csproj", "{CAC108A9-4E3E-464B-BC70-8AE0DAEBEFAF}"
EndProject
Project("{FAE04EC0-301F-11D3-BF4B-00C04F79EFBC}") = "App1", "App1\App1.csproj", "{CB9D3592-834A-4A7A-9439-F9580328792A}"
EndProject
Project("{FAE04EC0-301F-11D3-BF4B-00C04F79EFBC}") = "PhoneApp3", "PhoneApp3\PhoneApp3.csproj", "{DEC7DCE6-D261-42E4-BDB0-3B99CFD600C4}"
EndProject
Project("{FAE04EC0-301F-11D3-BF4B-00C04F79EFBC}") = "SiaqodbSyncMobile (WinRT)", "SyncFramework\SiaqodbSyncMobileWinRT\SiaqodbSyncMobile (WinRT).csproj", "{D67DBA15-D568-4BE2-8714-2A58FA6C1753}"
EndProject
Project("{FAE04EC0-301F-11D3-BF4B-00C04F79EFBC}") = "SiaqodbSyncMobile (SL)", "SyncFramework\SiaqodbSyncMobileSL\SiaqodbSyncMobile (SL).csproj", "{111788E9-E05A-46AA-B890-DFB3C7AECBD8}"
EndProject
Project("{FAE04EC0-301F-11D3-BF4B-00C04F79EFBC}") = "SiaqodbSyncMobile (WP 8)", "SyncFramework\SiaqodbSyncMobileWP8\SiaqodbSyncMobile (WP 8).csproj", "{31F348A7-D2F9-4507-8033-40AF2D19269E}"
EndProject
Project("{FAE04EC0-301F-11D3-BF4B-00C04F79EFBC}") = "TestAMSSync", "TestAMSSync\TestAMSSync.csproj", "{0650F955-7299-4A65-8400-5980750D6FD8}"
EndProject
Project("{FAE04EC0-301F-11D3-BF4B-00C04F79EFBC}") = "TestAMSSyncWinRT", "TestAMSSyncWinRT\TestAMSSyncWinRT.csproj", "{384A21D2-331D-4DB4-9633-CBD3CD47B3D6}"
EndProject
Project("{FAE04EC0-301F-11D3-BF4B-00C04F79EFBC}") = "SiaqodbPortable (.NET 4.5)", "SiaqodbPortable\SiaqodbPortable (.NET 4.5).csproj", "{34780267-6FB3-4F87-B61D-04F81A9F83A7}"
EndProject
Project("{FAE04EC0-301F-11D3-BF4B-00C04F79EFBC}") = "SiaqodbPortable (.NET 4.0)", "SiaqodbPortable\SiaqodbPortable (.NET 4.0).csproj", "{5529F692-514A-4DDE-9B6C-F47EA888496B}"
EndProject
Project("{FAE04EC0-301F-11D3-BF4B-00C04F79EFBC}") = "SiaqodbSyncMobile (.NET 4.5)", "SyncFramework\SiaqodbSyncMobile.NET45\SiaqodbSyncMobile (.NET 4.5).csproj", "{34622C40-7F2F-4A02-B57D-E436E7479F27}"
EndProject
Project("{FAE04EC0-301F-11D3-BF4B-00C04F79EFBC}") = "SiaqodbSyncProvider (.NET 4.5)", "SyncFramework\SiaqodbSyncProvider\SiaqodbSyncProvider (.NET 4.5).csproj", "{41E68FDF-FA6A-4BD5-8EC6-2455DDE95BCF}"
EndProject
Project("{FAE04EC0-301F-11D3-BF4B-00C04F79EFBC}") = "SiaqodbSyncProvider (.NET 4.0)", "SyncFramework\SiaqodbSyncProvider\SiaqodbSyncProvider (.NET 4.0).csproj", "{9EAFE938-F79E-48E1-8394-D3F2EAFBBDCB}"
EndProject
Project("{FAE04EC0-301F-11D3-BF4B-00C04F79EFBC}") = "SyncCacheController (WP 8)", "SyncFramework\SyncCacheController\SyncCacheController (WP 8).csproj", "{87B199D5-1367-4015-A75E-74BCF53F07CB}"
EndProject
Global
	GlobalSection(SolutionConfigurationPlatforms) = preSolution
		Debug|Any CPU = Debug|Any CPU
		Debug|ARM = Debug|ARM
		Debug|Mixed Platforms = Debug|Mixed Platforms
		Debug|x64 = Debug|x64
		Debug|x86 = Debug|x86
		Release|Any CPU = Release|Any CPU
		Release|ARM = Release|ARM
		Release|Mixed Platforms = Release|Mixed Platforms
		Release|x64 = Release|x64
		Release|x86 = Release|x86
	EndGlobalSection
	GlobalSection(ProjectConfigurationPlatforms) = postSolution
		{243748A0-9797-4FA9-A805-D71127EAC3DA}.Debug|Any CPU.ActiveCfg = Debug|Any CPU
		{243748A0-9797-4FA9-A805-D71127EAC3DA}.Debug|Any CPU.Build.0 = Debug|Any CPU
		{243748A0-9797-4FA9-A805-D71127EAC3DA}.Debug|ARM.ActiveCfg = Debug|Any CPU
		{243748A0-9797-4FA9-A805-D71127EAC3DA}.Debug|Mixed Platforms.ActiveCfg = Debug|Any CPU
		{243748A0-9797-4FA9-A805-D71127EAC3DA}.Debug|Mixed Platforms.Build.0 = Debug|Any CPU
		{243748A0-9797-4FA9-A805-D71127EAC3DA}.Debug|x64.ActiveCfg = Debug|Any CPU
		{243748A0-9797-4FA9-A805-D71127EAC3DA}.Debug|x86.ActiveCfg = Debug|Any CPU
		{243748A0-9797-4FA9-A805-D71127EAC3DA}.Release|Any CPU.ActiveCfg = Release|Any CPU
		{243748A0-9797-4FA9-A805-D71127EAC3DA}.Release|Any CPU.Build.0 = Release|Any CPU
		{243748A0-9797-4FA9-A805-D71127EAC3DA}.Release|ARM.ActiveCfg = Release|Any CPU
		{243748A0-9797-4FA9-A805-D71127EAC3DA}.Release|Mixed Platforms.ActiveCfg = Release|Any CPU
		{243748A0-9797-4FA9-A805-D71127EAC3DA}.Release|Mixed Platforms.Build.0 = Release|Any CPU
		{243748A0-9797-4FA9-A805-D71127EAC3DA}.Release|x64.ActiveCfg = Release|Any CPU
		{243748A0-9797-4FA9-A805-D71127EAC3DA}.Release|x86.ActiveCfg = Release|Any CPU
		{DF6489D8-1CF8-4043-BAEC-E12662CA8EF3}.Debug|Any CPU.ActiveCfg = Debug|Any CPU
		{DF6489D8-1CF8-4043-BAEC-E12662CA8EF3}.Debug|Any CPU.Build.0 = Debug|Any CPU
		{DF6489D8-1CF8-4043-BAEC-E12662CA8EF3}.Debug|ARM.ActiveCfg = Debug|Any CPU
		{DF6489D8-1CF8-4043-BAEC-E12662CA8EF3}.Debug|Mixed Platforms.ActiveCfg = Debug|Any CPU
		{DF6489D8-1CF8-4043-BAEC-E12662CA8EF3}.Debug|Mixed Platforms.Build.0 = Debug|Any CPU
		{DF6489D8-1CF8-4043-BAEC-E12662CA8EF3}.Debug|x64.ActiveCfg = Debug|Any CPU
		{DF6489D8-1CF8-4043-BAEC-E12662CA8EF3}.Debug|x86.ActiveCfg = Debug|Any CPU
		{DF6489D8-1CF8-4043-BAEC-E12662CA8EF3}.Release|Any CPU.ActiveCfg = Release|Any CPU
		{DF6489D8-1CF8-4043-BAEC-E12662CA8EF3}.Release|Any CPU.Build.0 = Release|Any CPU
		{DF6489D8-1CF8-4043-BAEC-E12662CA8EF3}.Release|ARM.ActiveCfg = Release|Any CPU
		{DF6489D8-1CF8-4043-BAEC-E12662CA8EF3}.Release|Mixed Platforms.ActiveCfg = Release|Any CPU
		{DF6489D8-1CF8-4043-BAEC-E12662CA8EF3}.Release|Mixed Platforms.Build.0 = Release|Any CPU
		{DF6489D8-1CF8-4043-BAEC-E12662CA8EF3}.Release|x64.ActiveCfg = Release|Any CPU
		{DF6489D8-1CF8-4043-BAEC-E12662CA8EF3}.Release|x86.ActiveCfg = Release|Any CPU
		{66F65EB0-FFEC-4C00-93BA-32BEFC3D8CED}.Debug|Any CPU.ActiveCfg = Debug|Any CPU
		{66F65EB0-FFEC-4C00-93BA-32BEFC3D8CED}.Debug|Any CPU.Build.0 = Debug|Any CPU
		{66F65EB0-FFEC-4C00-93BA-32BEFC3D8CED}.Debug|ARM.ActiveCfg = Debug|Any CPU
		{66F65EB0-FFEC-4C00-93BA-32BEFC3D8CED}.Debug|Mixed Platforms.ActiveCfg = Debug|Any CPU
		{66F65EB0-FFEC-4C00-93BA-32BEFC3D8CED}.Debug|Mixed Platforms.Build.0 = Debug|Any CPU
		{66F65EB0-FFEC-4C00-93BA-32BEFC3D8CED}.Debug|x64.ActiveCfg = Debug|Any CPU
		{66F65EB0-FFEC-4C00-93BA-32BEFC3D8CED}.Debug|x86.ActiveCfg = Debug|Any CPU
		{66F65EB0-FFEC-4C00-93BA-32BEFC3D8CED}.Release|Any CPU.ActiveCfg = Release|Any CPU
		{66F65EB0-FFEC-4C00-93BA-32BEFC3D8CED}.Release|Any CPU.Build.0 = Release|Any CPU
		{66F65EB0-FFEC-4C00-93BA-32BEFC3D8CED}.Release|ARM.ActiveCfg = Release|Any CPU
		{66F65EB0-FFEC-4C00-93BA-32BEFC3D8CED}.Release|Mixed Platforms.ActiveCfg = Release|Any CPU
		{66F65EB0-FFEC-4C00-93BA-32BEFC3D8CED}.Release|Mixed Platforms.Build.0 = Release|Any CPU
		{66F65EB0-FFEC-4C00-93BA-32BEFC3D8CED}.Release|x64.ActiveCfg = Release|Any CPU
		{66F65EB0-FFEC-4C00-93BA-32BEFC3D8CED}.Release|x86.ActiveCfg = Release|Any CPU
		{30F09B47-76F8-41C2-B714-16B8D83E8990}.Debug|Any CPU.ActiveCfg = Debug|Any CPU
		{30F09B47-76F8-41C2-B714-16B8D83E8990}.Debug|Any CPU.Build.0 = Debug|Any CPU
		{30F09B47-76F8-41C2-B714-16B8D83E8990}.Debug|ARM.ActiveCfg = Debug|Any CPU
		{30F09B47-76F8-41C2-B714-16B8D83E8990}.Debug|Mixed Platforms.ActiveCfg = Debug|Any CPU
		{30F09B47-76F8-41C2-B714-16B8D83E8990}.Debug|Mixed Platforms.Build.0 = Debug|Any CPU
		{30F09B47-76F8-41C2-B714-16B8D83E8990}.Debug|x64.ActiveCfg = Debug|Any CPU
		{30F09B47-76F8-41C2-B714-16B8D83E8990}.Debug|x86.ActiveCfg = Debug|Any CPU
		{30F09B47-76F8-41C2-B714-16B8D83E8990}.Release|Any CPU.ActiveCfg = Release|Any CPU
		{30F09B47-76F8-41C2-B714-16B8D83E8990}.Release|Any CPU.Build.0 = Release|Any CPU
		{30F09B47-76F8-41C2-B714-16B8D83E8990}.Release|ARM.ActiveCfg = Release|Any CPU
		{30F09B47-76F8-41C2-B714-16B8D83E8990}.Release|Mixed Platforms.ActiveCfg = Release|Any CPU
		{30F09B47-76F8-41C2-B714-16B8D83E8990}.Release|Mixed Platforms.Build.0 = Release|Any CPU
		{30F09B47-76F8-41C2-B714-16B8D83E8990}.Release|x64.ActiveCfg = Release|Any CPU
		{30F09B47-76F8-41C2-B714-16B8D83E8990}.Release|x86.ActiveCfg = Release|Any CPU
		{7D1ED167-38FE-4E34-BFA3-3670C9068F19}.Debug|Any CPU.ActiveCfg = Debug|Any CPU
		{7D1ED167-38FE-4E34-BFA3-3670C9068F19}.Debug|Any CPU.Build.0 = Debug|Any CPU
		{7D1ED167-38FE-4E34-BFA3-3670C9068F19}.Debug|ARM.ActiveCfg = Debug|Any CPU
		{7D1ED167-38FE-4E34-BFA3-3670C9068F19}.Debug|Mixed Platforms.ActiveCfg = Debug|Any CPU
		{7D1ED167-38FE-4E34-BFA3-3670C9068F19}.Debug|Mixed Platforms.Build.0 = Debug|Any CPU
		{7D1ED167-38FE-4E34-BFA3-3670C9068F19}.Debug|x64.ActiveCfg = Debug|Any CPU
		{7D1ED167-38FE-4E34-BFA3-3670C9068F19}.Debug|x86.ActiveCfg = Debug|Any CPU
		{7D1ED167-38FE-4E34-BFA3-3670C9068F19}.Release|Any CPU.ActiveCfg = Release|Any CPU
		{7D1ED167-38FE-4E34-BFA3-3670C9068F19}.Release|Any CPU.Build.0 = Release|Any CPU
		{7D1ED167-38FE-4E34-BFA3-3670C9068F19}.Release|ARM.ActiveCfg = Release|Any CPU
		{7D1ED167-38FE-4E34-BFA3-3670C9068F19}.Release|Mixed Platforms.ActiveCfg = Release|Any CPU
		{7D1ED167-38FE-4E34-BFA3-3670C9068F19}.Release|Mixed Platforms.Build.0 = Release|Any CPU
		{7D1ED167-38FE-4E34-BFA3-3670C9068F19}.Release|x64.ActiveCfg = Release|Any CPU
		{7D1ED167-38FE-4E34-BFA3-3670C9068F19}.Release|x86.ActiveCfg = Release|Any CPU
		{F06F7C97-EF21-4ED0-B0FE-F2413CDDBE8D}.Debug|Any CPU.ActiveCfg = Debug|Any CPU
		{F06F7C97-EF21-4ED0-B0FE-F2413CDDBE8D}.Debug|Any CPU.Build.0 = Debug|Any CPU
		{F06F7C97-EF21-4ED0-B0FE-F2413CDDBE8D}.Debug|ARM.ActiveCfg = Debug|Any CPU
		{F06F7C97-EF21-4ED0-B0FE-F2413CDDBE8D}.Debug|Mixed Platforms.ActiveCfg = Debug|Any CPU
		{F06F7C97-EF21-4ED0-B0FE-F2413CDDBE8D}.Debug|Mixed Platforms.Build.0 = Debug|Any CPU
		{F06F7C97-EF21-4ED0-B0FE-F2413CDDBE8D}.Debug|x64.ActiveCfg = Debug|Any CPU
		{F06F7C97-EF21-4ED0-B0FE-F2413CDDBE8D}.Debug|x86.ActiveCfg = Debug|Any CPU
		{F06F7C97-EF21-4ED0-B0FE-F2413CDDBE8D}.Release|Any CPU.ActiveCfg = Release|Any CPU
		{F06F7C97-EF21-4ED0-B0FE-F2413CDDBE8D}.Release|Any CPU.Build.0 = Release|Any CPU
		{F06F7C97-EF21-4ED0-B0FE-F2413CDDBE8D}.Release|ARM.ActiveCfg = Release|Any CPU
		{F06F7C97-EF21-4ED0-B0FE-F2413CDDBE8D}.Release|Mixed Platforms.ActiveCfg = Release|Any CPU
		{F06F7C97-EF21-4ED0-B0FE-F2413CDDBE8D}.Release|Mixed Platforms.Build.0 = Release|Any CPU
		{F06F7C97-EF21-4ED0-B0FE-F2413CDDBE8D}.Release|x64.ActiveCfg = Release|Any CPU
		{F06F7C97-EF21-4ED0-B0FE-F2413CDDBE8D}.Release|x86.ActiveCfg = Release|Any CPU
		{5F7CF529-EE82-4B80-BA56-542069DA7AAD}.Debug|Any CPU.ActiveCfg = Debug|x86
		{5F7CF529-EE82-4B80-BA56-542069DA7AAD}.Debug|ARM.ActiveCfg = Debug|x86
		{5F7CF529-EE82-4B80-BA56-542069DA7AAD}.Debug|Mixed Platforms.ActiveCfg = Debug|x86
		{5F7CF529-EE82-4B80-BA56-542069DA7AAD}.Debug|Mixed Platforms.Build.0 = Debug|x86
		{5F7CF529-EE82-4B80-BA56-542069DA7AAD}.Debug|x64.ActiveCfg = Debug|x86
		{5F7CF529-EE82-4B80-BA56-542069DA7AAD}.Debug|x86.ActiveCfg = Debug|x86
		{5F7CF529-EE82-4B80-BA56-542069DA7AAD}.Debug|x86.Build.0 = Debug|x86
		{5F7CF529-EE82-4B80-BA56-542069DA7AAD}.Release|Any CPU.ActiveCfg = Release|x86
		{5F7CF529-EE82-4B80-BA56-542069DA7AAD}.Release|ARM.ActiveCfg = Release|x86
		{5F7CF529-EE82-4B80-BA56-542069DA7AAD}.Release|Mixed Platforms.ActiveCfg = Release|x86
		{5F7CF529-EE82-4B80-BA56-542069DA7AAD}.Release|Mixed Platforms.Build.0 = Release|x86
		{5F7CF529-EE82-4B80-BA56-542069DA7AAD}.Release|x64.ActiveCfg = Release|x86
		{5F7CF529-EE82-4B80-BA56-542069DA7AAD}.Release|x86.ActiveCfg = Release|x86
		{5F7CF529-EE82-4B80-BA56-542069DA7AAD}.Release|x86.Build.0 = Release|x86
		{19368999-DD20-4534-8377-3D58063F8CFD}.Debug|Any CPU.ActiveCfg = Debug|Any CPU
		{19368999-DD20-4534-8377-3D58063F8CFD}.Debug|Any CPU.Build.0 = Debug|Any CPU
		{19368999-DD20-4534-8377-3D58063F8CFD}.Debug|ARM.ActiveCfg = Debug|Any CPU
		{19368999-DD20-4534-8377-3D58063F8CFD}.Debug|Mixed Platforms.ActiveCfg = Debug|Any CPU
		{19368999-DD20-4534-8377-3D58063F8CFD}.Debug|Mixed Platforms.Build.0 = Debug|Any CPU
		{19368999-DD20-4534-8377-3D58063F8CFD}.Debug|x64.ActiveCfg = Debug|Any CPU
		{19368999-DD20-4534-8377-3D58063F8CFD}.Debug|x86.ActiveCfg = Debug|Any CPU
		{19368999-DD20-4534-8377-3D58063F8CFD}.Release|Any CPU.ActiveCfg = Release|Any CPU
		{19368999-DD20-4534-8377-3D58063F8CFD}.Release|Any CPU.Build.0 = Release|Any CPU
		{19368999-DD20-4534-8377-3D58063F8CFD}.Release|ARM.ActiveCfg = Release|Any CPU
		{19368999-DD20-4534-8377-3D58063F8CFD}.Release|Mixed Platforms.ActiveCfg = Release|Any CPU
		{19368999-DD20-4534-8377-3D58063F8CFD}.Release|Mixed Platforms.Build.0 = Release|Any CPU
		{19368999-DD20-4534-8377-3D58063F8CFD}.Release|x64.ActiveCfg = Release|Any CPU
		{19368999-DD20-4534-8377-3D58063F8CFD}.Release|x86.ActiveCfg = Release|Any CPU
		{D9F92E1A-296A-4539-A57A-ACDAC6E41E7D}.Debug|Any CPU.ActiveCfg = Debug|x86
		{D9F92E1A-296A-4539-A57A-ACDAC6E41E7D}.Debug|ARM.ActiveCfg = Debug|x86
		{D9F92E1A-296A-4539-A57A-ACDAC6E41E7D}.Debug|Mixed Platforms.ActiveCfg = Debug|x86
		{D9F92E1A-296A-4539-A57A-ACDAC6E41E7D}.Debug|Mixed Platforms.Build.0 = Debug|x86
		{D9F92E1A-296A-4539-A57A-ACDAC6E41E7D}.Debug|x64.ActiveCfg = Debug|x86
		{D9F92E1A-296A-4539-A57A-ACDAC6E41E7D}.Debug|x86.ActiveCfg = Debug|x86
		{D9F92E1A-296A-4539-A57A-ACDAC6E41E7D}.Debug|x86.Build.0 = Debug|x86
		{D9F92E1A-296A-4539-A57A-ACDAC6E41E7D}.Release|Any CPU.ActiveCfg = Release|x86
		{D9F92E1A-296A-4539-A57A-ACDAC6E41E7D}.Release|ARM.ActiveCfg = Release|x86
		{D9F92E1A-296A-4539-A57A-ACDAC6E41E7D}.Release|Mixed Platforms.ActiveCfg = Release|x86
		{D9F92E1A-296A-4539-A57A-ACDAC6E41E7D}.Release|Mixed Platforms.Build.0 = Release|x86
		{D9F92E1A-296A-4539-A57A-ACDAC6E41E7D}.Release|x64.ActiveCfg = Release|x86
		{D9F92E1A-296A-4539-A57A-ACDAC6E41E7D}.Release|x86.ActiveCfg = Release|x86
		{D9F92E1A-296A-4539-A57A-ACDAC6E41E7D}.Release|x86.Build.0 = Release|x86
		{46D6975E-C66B-4924-9CBA-6AB1A232C9C3}.Debug|Any CPU.ActiveCfg = Debug|Any CPU
		{46D6975E-C66B-4924-9CBA-6AB1A232C9C3}.Debug|Any CPU.Build.0 = Debug|Any CPU
		{46D6975E-C66B-4924-9CBA-6AB1A232C9C3}.Debug|ARM.ActiveCfg = Debug|Any CPU
		{46D6975E-C66B-4924-9CBA-6AB1A232C9C3}.Debug|Mixed Platforms.ActiveCfg = Debug|Any CPU
		{46D6975E-C66B-4924-9CBA-6AB1A232C9C3}.Debug|Mixed Platforms.Build.0 = Debug|Any CPU
		{46D6975E-C66B-4924-9CBA-6AB1A232C9C3}.Debug|x64.ActiveCfg = Debug|Any CPU
		{46D6975E-C66B-4924-9CBA-6AB1A232C9C3}.Debug|x86.ActiveCfg = Debug|Any CPU
		{46D6975E-C66B-4924-9CBA-6AB1A232C9C3}.Release|Any CPU.ActiveCfg = Release|Any CPU
		{46D6975E-C66B-4924-9CBA-6AB1A232C9C3}.Release|Any CPU.Build.0 = Release|Any CPU
		{46D6975E-C66B-4924-9CBA-6AB1A232C9C3}.Release|ARM.ActiveCfg = Release|Any CPU
		{46D6975E-C66B-4924-9CBA-6AB1A232C9C3}.Release|Mixed Platforms.ActiveCfg = Release|Any CPU
		{46D6975E-C66B-4924-9CBA-6AB1A232C9C3}.Release|Mixed Platforms.Build.0 = Release|Any CPU
		{46D6975E-C66B-4924-9CBA-6AB1A232C9C3}.Release|x64.ActiveCfg = Release|Any CPU
		{46D6975E-C66B-4924-9CBA-6AB1A232C9C3}.Release|x86.ActiveCfg = Release|Any CPU
		{562ACF90-AB6B-428A-B510-7F8485802EEB}.Debug|Any CPU.ActiveCfg = Debug|Any CPU
		{562ACF90-AB6B-428A-B510-7F8485802EEB}.Debug|Any CPU.Build.0 = Debug|Any CPU
		{562ACF90-AB6B-428A-B510-7F8485802EEB}.Debug|ARM.ActiveCfg = Debug|Any CPU
		{562ACF90-AB6B-428A-B510-7F8485802EEB}.Debug|Mixed Platforms.ActiveCfg = Debug|Any CPU
		{562ACF90-AB6B-428A-B510-7F8485802EEB}.Debug|Mixed Platforms.Build.0 = Debug|Any CPU
		{562ACF90-AB6B-428A-B510-7F8485802EEB}.Debug|x64.ActiveCfg = Debug|Any CPU
		{562ACF90-AB6B-428A-B510-7F8485802EEB}.Debug|x86.ActiveCfg = Debug|Any CPU
		{562ACF90-AB6B-428A-B510-7F8485802EEB}.Release|Any CPU.ActiveCfg = Release|Any CPU
		{562ACF90-AB6B-428A-B510-7F8485802EEB}.Release|Any CPU.Build.0 = Release|Any CPU
		{562ACF90-AB6B-428A-B510-7F8485802EEB}.Release|ARM.ActiveCfg = Release|Any CPU
		{562ACF90-AB6B-428A-B510-7F8485802EEB}.Release|Mixed Platforms.ActiveCfg = Release|Any CPU
		{562ACF90-AB6B-428A-B510-7F8485802EEB}.Release|Mixed Platforms.Build.0 = Release|Any CPU
		{562ACF90-AB6B-428A-B510-7F8485802EEB}.Release|x64.ActiveCfg = Release|Any CPU
		{562ACF90-AB6B-428A-B510-7F8485802EEB}.Release|x86.ActiveCfg = Release|Any CPU
		{0DCB8EF9-C3D0-41F6-A0E2-F2A1CB0F6601}.Debug|Any CPU.ActiveCfg = Debug|Any CPU
		{0DCB8EF9-C3D0-41F6-A0E2-F2A1CB0F6601}.Debug|Any CPU.Build.0 = Debug|Any CPU
		{0DCB8EF9-C3D0-41F6-A0E2-F2A1CB0F6601}.Debug|ARM.ActiveCfg = Debug|Any CPU
		{0DCB8EF9-C3D0-41F6-A0E2-F2A1CB0F6601}.Debug|Mixed Platforms.ActiveCfg = Debug|Any CPU
		{0DCB8EF9-C3D0-41F6-A0E2-F2A1CB0F6601}.Debug|Mixed Platforms.Build.0 = Debug|Any CPU
		{0DCB8EF9-C3D0-41F6-A0E2-F2A1CB0F6601}.Debug|x64.ActiveCfg = Debug|Any CPU
		{0DCB8EF9-C3D0-41F6-A0E2-F2A1CB0F6601}.Debug|x86.ActiveCfg = Debug|Any CPU
		{0DCB8EF9-C3D0-41F6-A0E2-F2A1CB0F6601}.Release|Any CPU.ActiveCfg = Release|Any CPU
		{0DCB8EF9-C3D0-41F6-A0E2-F2A1CB0F6601}.Release|Any CPU.Build.0 = Release|Any CPU
		{0DCB8EF9-C3D0-41F6-A0E2-F2A1CB0F6601}.Release|ARM.ActiveCfg = Release|Any CPU
		{0DCB8EF9-C3D0-41F6-A0E2-F2A1CB0F6601}.Release|Mixed Platforms.ActiveCfg = Release|Any CPU
		{0DCB8EF9-C3D0-41F6-A0E2-F2A1CB0F6601}.Release|Mixed Platforms.Build.0 = Release|Any CPU
		{0DCB8EF9-C3D0-41F6-A0E2-F2A1CB0F6601}.Release|x64.ActiveCfg = Release|Any CPU
		{0DCB8EF9-C3D0-41F6-A0E2-F2A1CB0F6601}.Release|x86.ActiveCfg = Release|Any CPU
		{B6F63D1C-1916-4B9D-8511-24B85E161E27}.Debug|Any CPU.ActiveCfg = Debug|Any CPU
		{B6F63D1C-1916-4B9D-8511-24B85E161E27}.Debug|Any CPU.Build.0 = Debug|Any CPU
		{B6F63D1C-1916-4B9D-8511-24B85E161E27}.Debug|Any CPU.Deploy.0 = Debug|Any CPU
		{B6F63D1C-1916-4B9D-8511-24B85E161E27}.Debug|ARM.ActiveCfg = Debug|ARM
		{B6F63D1C-1916-4B9D-8511-24B85E161E27}.Debug|ARM.Build.0 = Debug|ARM
		{B6F63D1C-1916-4B9D-8511-24B85E161E27}.Debug|ARM.Deploy.0 = Debug|ARM
		{B6F63D1C-1916-4B9D-8511-24B85E161E27}.Debug|Mixed Platforms.ActiveCfg = Debug|Any CPU
		{B6F63D1C-1916-4B9D-8511-24B85E161E27}.Debug|Mixed Platforms.Build.0 = Debug|Any CPU
		{B6F63D1C-1916-4B9D-8511-24B85E161E27}.Debug|Mixed Platforms.Deploy.0 = Debug|Any CPU
		{B6F63D1C-1916-4B9D-8511-24B85E161E27}.Debug|x64.ActiveCfg = Debug|x64
		{B6F63D1C-1916-4B9D-8511-24B85E161E27}.Debug|x64.Build.0 = Debug|x64
		{B6F63D1C-1916-4B9D-8511-24B85E161E27}.Debug|x64.Deploy.0 = Debug|x64
		{B6F63D1C-1916-4B9D-8511-24B85E161E27}.Debug|x86.ActiveCfg = Debug|x86
		{B6F63D1C-1916-4B9D-8511-24B85E161E27}.Debug|x86.Build.0 = Debug|x86
		{B6F63D1C-1916-4B9D-8511-24B85E161E27}.Debug|x86.Deploy.0 = Debug|x86
		{B6F63D1C-1916-4B9D-8511-24B85E161E27}.Release|Any CPU.ActiveCfg = Release|Any CPU
		{B6F63D1C-1916-4B9D-8511-24B85E161E27}.Release|Any CPU.Build.0 = Release|Any CPU
		{B6F63D1C-1916-4B9D-8511-24B85E161E27}.Release|Any CPU.Deploy.0 = Release|Any CPU
		{B6F63D1C-1916-4B9D-8511-24B85E161E27}.Release|ARM.ActiveCfg = Release|ARM
		{B6F63D1C-1916-4B9D-8511-24B85E161E27}.Release|ARM.Build.0 = Release|ARM
		{B6F63D1C-1916-4B9D-8511-24B85E161E27}.Release|ARM.Deploy.0 = Release|ARM
		{B6F63D1C-1916-4B9D-8511-24B85E161E27}.Release|Mixed Platforms.ActiveCfg = Release|Any CPU
		{B6F63D1C-1916-4B9D-8511-24B85E161E27}.Release|Mixed Platforms.Build.0 = Release|Any CPU
		{B6F63D1C-1916-4B9D-8511-24B85E161E27}.Release|Mixed Platforms.Deploy.0 = Release|Any CPU
		{B6F63D1C-1916-4B9D-8511-24B85E161E27}.Release|x64.ActiveCfg = Release|x64
		{B6F63D1C-1916-4B9D-8511-24B85E161E27}.Release|x64.Build.0 = Release|x64
		{B6F63D1C-1916-4B9D-8511-24B85E161E27}.Release|x64.Deploy.0 = Release|x64
		{B6F63D1C-1916-4B9D-8511-24B85E161E27}.Release|x86.ActiveCfg = Release|x86
		{B6F63D1C-1916-4B9D-8511-24B85E161E27}.Release|x86.Build.0 = Release|x86
		{B6F63D1C-1916-4B9D-8511-24B85E161E27}.Release|x86.Deploy.0 = Release|x86
		{25002B8B-343A-4BB7-9537-D2C7D9CCB76E}.Debug|Any CPU.ActiveCfg = Debug|Any CPU
		{25002B8B-343A-4BB7-9537-D2C7D9CCB76E}.Debug|Any CPU.Build.0 = Debug|Any CPU
		{25002B8B-343A-4BB7-9537-D2C7D9CCB76E}.Debug|ARM.ActiveCfg = Debug|Any CPU
		{25002B8B-343A-4BB7-9537-D2C7D9CCB76E}.Debug|Mixed Platforms.ActiveCfg = Debug|Any CPU
		{25002B8B-343A-4BB7-9537-D2C7D9CCB76E}.Debug|Mixed Platforms.Build.0 = Debug|Any CPU
		{25002B8B-343A-4BB7-9537-D2C7D9CCB76E}.Debug|x64.ActiveCfg = Debug|Any CPU
		{25002B8B-343A-4BB7-9537-D2C7D9CCB76E}.Debug|x86.ActiveCfg = Debug|Any CPU
		{25002B8B-343A-4BB7-9537-D2C7D9CCB76E}.Release|Any CPU.ActiveCfg = Release|Any CPU
		{25002B8B-343A-4BB7-9537-D2C7D9CCB76E}.Release|Any CPU.Build.0 = Release|Any CPU
		{25002B8B-343A-4BB7-9537-D2C7D9CCB76E}.Release|ARM.ActiveCfg = Release|Any CPU
		{25002B8B-343A-4BB7-9537-D2C7D9CCB76E}.Release|Mixed Platforms.ActiveCfg = Release|Any CPU
		{25002B8B-343A-4BB7-9537-D2C7D9CCB76E}.Release|Mixed Platforms.Build.0 = Release|Any CPU
		{25002B8B-343A-4BB7-9537-D2C7D9CCB76E}.Release|x64.ActiveCfg = Release|Any CPU
		{25002B8B-343A-4BB7-9537-D2C7D9CCB76E}.Release|x86.ActiveCfg = Release|Any CPU
		{E04880B9-366E-43C2-8690-9DFEDDA6CA16}.Debug|Any CPU.ActiveCfg = Debug|Any CPU
		{E04880B9-366E-43C2-8690-9DFEDDA6CA16}.Debug|Any CPU.Build.0 = Debug|Any CPU
		{E04880B9-366E-43C2-8690-9DFEDDA6CA16}.Debug|ARM.ActiveCfg = Debug|Any CPU
		{E04880B9-366E-43C2-8690-9DFEDDA6CA16}.Debug|Mixed Platforms.ActiveCfg = Debug|Any CPU
		{E04880B9-366E-43C2-8690-9DFEDDA6CA16}.Debug|Mixed Platforms.Build.0 = Debug|Any CPU
		{E04880B9-366E-43C2-8690-9DFEDDA6CA16}.Debug|x64.ActiveCfg = Debug|Any CPU
		{E04880B9-366E-43C2-8690-9DFEDDA6CA16}.Debug|x86.ActiveCfg = Debug|Any CPU
		{E04880B9-366E-43C2-8690-9DFEDDA6CA16}.Release|Any CPU.ActiveCfg = Release|Any CPU
		{E04880B9-366E-43C2-8690-9DFEDDA6CA16}.Release|Any CPU.Build.0 = Release|Any CPU
		{E04880B9-366E-43C2-8690-9DFEDDA6CA16}.Release|ARM.ActiveCfg = Release|Any CPU
		{E04880B9-366E-43C2-8690-9DFEDDA6CA16}.Release|Mixed Platforms.ActiveCfg = Release|Any CPU
		{E04880B9-366E-43C2-8690-9DFEDDA6CA16}.Release|Mixed Platforms.Build.0 = Release|Any CPU
		{E04880B9-366E-43C2-8690-9DFEDDA6CA16}.Release|x64.ActiveCfg = Release|Any CPU
		{E04880B9-366E-43C2-8690-9DFEDDA6CA16}.Release|x86.ActiveCfg = Release|Any CPU
		{4FBB065A-B059-4B72-95BC-96BB0428BF93}.Debug|Any CPU.ActiveCfg = Debug|Any CPU
		{4FBB065A-B059-4B72-95BC-96BB0428BF93}.Debug|Any CPU.Build.0 = Debug|Any CPU
		{4FBB065A-B059-4B72-95BC-96BB0428BF93}.Debug|ARM.ActiveCfg = Debug|ARM
		{4FBB065A-B059-4B72-95BC-96BB0428BF93}.Debug|ARM.Build.0 = Debug|ARM
		{4FBB065A-B059-4B72-95BC-96BB0428BF93}.Debug|Mixed Platforms.ActiveCfg = Debug|Any CPU
		{4FBB065A-B059-4B72-95BC-96BB0428BF93}.Debug|Mixed Platforms.Build.0 = Debug|Any CPU
		{4FBB065A-B059-4B72-95BC-96BB0428BF93}.Debug|x64.ActiveCfg = Debug|Any CPU
		{4FBB065A-B059-4B72-95BC-96BB0428BF93}.Debug|x86.ActiveCfg = Debug|x86
		{4FBB065A-B059-4B72-95BC-96BB0428BF93}.Debug|x86.Build.0 = Debug|x86
		{4FBB065A-B059-4B72-95BC-96BB0428BF93}.Release|Any CPU.ActiveCfg = Release|Any CPU
		{4FBB065A-B059-4B72-95BC-96BB0428BF93}.Release|Any CPU.Build.0 = Release|Any CPU
		{4FBB065A-B059-4B72-95BC-96BB0428BF93}.Release|ARM.ActiveCfg = Release|ARM
		{4FBB065A-B059-4B72-95BC-96BB0428BF93}.Release|ARM.Build.0 = Release|ARM
		{4FBB065A-B059-4B72-95BC-96BB0428BF93}.Release|Mixed Platforms.ActiveCfg = Release|Any CPU
		{4FBB065A-B059-4B72-95BC-96BB0428BF93}.Release|Mixed Platforms.Build.0 = Release|Any CPU
		{4FBB065A-B059-4B72-95BC-96BB0428BF93}.Release|x64.ActiveCfg = Release|Any CPU
		{4FBB065A-B059-4B72-95BC-96BB0428BF93}.Release|x86.ActiveCfg = Release|x86
		{4FBB065A-B059-4B72-95BC-96BB0428BF93}.Release|x86.Build.0 = Release|x86
		{63E2AEC3-3A85-480F-990F-286C8D7B35C8}.Debug|Any CPU.ActiveCfg = Debug|Any CPU
		{63E2AEC3-3A85-480F-990F-286C8D7B35C8}.Debug|Any CPU.Build.0 = Debug|Any CPU
		{63E2AEC3-3A85-480F-990F-286C8D7B35C8}.Debug|ARM.ActiveCfg = Debug|Any CPU
		{63E2AEC3-3A85-480F-990F-286C8D7B35C8}.Debug|Mixed Platforms.ActiveCfg = Debug|Any CPU
		{63E2AEC3-3A85-480F-990F-286C8D7B35C8}.Debug|Mixed Platforms.Build.0 = Debug|Any CPU
		{63E2AEC3-3A85-480F-990F-286C8D7B35C8}.Debug|x64.ActiveCfg = Debug|Any CPU
		{63E2AEC3-3A85-480F-990F-286C8D7B35C8}.Debug|x86.ActiveCfg = Debug|Any CPU
		{63E2AEC3-3A85-480F-990F-286C8D7B35C8}.Release|Any CPU.ActiveCfg = Release|Any CPU
		{63E2AEC3-3A85-480F-990F-286C8D7B35C8}.Release|Any CPU.Build.0 = Release|Any CPU
		{63E2AEC3-3A85-480F-990F-286C8D7B35C8}.Release|ARM.ActiveCfg = Release|Any CPU
		{63E2AEC3-3A85-480F-990F-286C8D7B35C8}.Release|Mixed Platforms.ActiveCfg = Release|Any CPU
		{63E2AEC3-3A85-480F-990F-286C8D7B35C8}.Release|Mixed Platforms.Build.0 = Release|Any CPU
		{63E2AEC3-3A85-480F-990F-286C8D7B35C8}.Release|x64.ActiveCfg = Release|Any CPU
		{63E2AEC3-3A85-480F-990F-286C8D7B35C8}.Release|x86.ActiveCfg = Release|Any CPU
		{A909273F-5824-4024-A99A-827D4648C6E9}.Debug|Any CPU.ActiveCfg = Debug|Any CPU
		{A909273F-5824-4024-A99A-827D4648C6E9}.Debug|Any CPU.Build.0 = Debug|Any CPU
		{A909273F-5824-4024-A99A-827D4648C6E9}.Debug|ARM.ActiveCfg = Debug|ARM
		{A909273F-5824-4024-A99A-827D4648C6E9}.Debug|ARM.Build.0 = Debug|ARM
		{A909273F-5824-4024-A99A-827D4648C6E9}.Debug|Mixed Platforms.ActiveCfg = Debug|Any CPU
		{A909273F-5824-4024-A99A-827D4648C6E9}.Debug|Mixed Platforms.Build.0 = Debug|Any CPU
		{A909273F-5824-4024-A99A-827D4648C6E9}.Debug|x64.ActiveCfg = Debug|x64
		{A909273F-5824-4024-A99A-827D4648C6E9}.Debug|x64.Build.0 = Debug|x64
		{A909273F-5824-4024-A99A-827D4648C6E9}.Debug|x86.ActiveCfg = Debug|x86
		{A909273F-5824-4024-A99A-827D4648C6E9}.Debug|x86.Build.0 = Debug|x86
		{A909273F-5824-4024-A99A-827D4648C6E9}.Release|Any CPU.ActiveCfg = Release|Any CPU
		{A909273F-5824-4024-A99A-827D4648C6E9}.Release|Any CPU.Build.0 = Release|Any CPU
		{A909273F-5824-4024-A99A-827D4648C6E9}.Release|ARM.ActiveCfg = Release|ARM
		{A909273F-5824-4024-A99A-827D4648C6E9}.Release|ARM.Build.0 = Release|ARM
		{A909273F-5824-4024-A99A-827D4648C6E9}.Release|Mixed Platforms.ActiveCfg = Release|Any CPU
		{A909273F-5824-4024-A99A-827D4648C6E9}.Release|Mixed Platforms.Build.0 = Release|Any CPU
		{A909273F-5824-4024-A99A-827D4648C6E9}.Release|x64.ActiveCfg = Release|x64
		{A909273F-5824-4024-A99A-827D4648C6E9}.Release|x64.Build.0 = Release|x64
		{A909273F-5824-4024-A99A-827D4648C6E9}.Release|x86.ActiveCfg = Release|x86
		{A909273F-5824-4024-A99A-827D4648C6E9}.Release|x86.Build.0 = Release|x86
		{1A63AC55-861B-4498-B54F-0EFFFA77AEDC}.Debug|Any CPU.ActiveCfg = Debug|Any CPU
		{1A63AC55-861B-4498-B54F-0EFFFA77AEDC}.Debug|Any CPU.Build.0 = Debug|Any CPU
		{1A63AC55-861B-4498-B54F-0EFFFA77AEDC}.Debug|ARM.ActiveCfg = Debug|Any CPU
		{1A63AC55-861B-4498-B54F-0EFFFA77AEDC}.Debug|Mixed Platforms.ActiveCfg = Debug|Any CPU
		{1A63AC55-861B-4498-B54F-0EFFFA77AEDC}.Debug|Mixed Platforms.Build.0 = Debug|Any CPU
		{1A63AC55-861B-4498-B54F-0EFFFA77AEDC}.Debug|x64.ActiveCfg = Debug|Any CPU
		{1A63AC55-861B-4498-B54F-0EFFFA77AEDC}.Debug|x86.ActiveCfg = Debug|Any CPU
		{1A63AC55-861B-4498-B54F-0EFFFA77AEDC}.Release|Any CPU.ActiveCfg = Release|Any CPU
		{1A63AC55-861B-4498-B54F-0EFFFA77AEDC}.Release|Any CPU.Build.0 = Release|Any CPU
		{1A63AC55-861B-4498-B54F-0EFFFA77AEDC}.Release|ARM.ActiveCfg = Release|Any CPU
		{1A63AC55-861B-4498-B54F-0EFFFA77AEDC}.Release|Mixed Platforms.ActiveCfg = Release|Any CPU
		{1A63AC55-861B-4498-B54F-0EFFFA77AEDC}.Release|Mixed Platforms.Build.0 = Release|Any CPU
		{1A63AC55-861B-4498-B54F-0EFFFA77AEDC}.Release|x64.ActiveCfg = Release|Any CPU
		{1A63AC55-861B-4498-B54F-0EFFFA77AEDC}.Release|x86.ActiveCfg = Release|Any CPU
		{F5BD2E1F-DCDD-4A1C-8130-236C2D75FF93}.Debug|Any CPU.ActiveCfg = Debug|Any CPU
		{F5BD2E1F-DCDD-4A1C-8130-236C2D75FF93}.Debug|Any CPU.Build.0 = Debug|Any CPU
		{F5BD2E1F-DCDD-4A1C-8130-236C2D75FF93}.Debug|ARM.ActiveCfg = Debug|Any CPU
		{F5BD2E1F-DCDD-4A1C-8130-236C2D75FF93}.Debug|Mixed Platforms.ActiveCfg = Debug|Any CPU
		{F5BD2E1F-DCDD-4A1C-8130-236C2D75FF93}.Debug|Mixed Platforms.Build.0 = Debug|Any CPU
		{F5BD2E1F-DCDD-4A1C-8130-236C2D75FF93}.Debug|x64.ActiveCfg = Debug|Any CPU
		{F5BD2E1F-DCDD-4A1C-8130-236C2D75FF93}.Debug|x86.ActiveCfg = Debug|Any CPU
		{F5BD2E1F-DCDD-4A1C-8130-236C2D75FF93}.Release|Any CPU.ActiveCfg = Release|Any CPU
		{F5BD2E1F-DCDD-4A1C-8130-236C2D75FF93}.Release|Any CPU.Build.0 = Release|Any CPU
		{F5BD2E1F-DCDD-4A1C-8130-236C2D75FF93}.Release|ARM.ActiveCfg = Release|Any CPU
		{F5BD2E1F-DCDD-4A1C-8130-236C2D75FF93}.Release|Mixed Platforms.ActiveCfg = Release|Any CPU
		{F5BD2E1F-DCDD-4A1C-8130-236C2D75FF93}.Release|Mixed Platforms.Build.0 = Release|Any CPU
		{F5BD2E1F-DCDD-4A1C-8130-236C2D75FF93}.Release|x64.ActiveCfg = Release|Any CPU
		{F5BD2E1F-DCDD-4A1C-8130-236C2D75FF93}.Release|x86.ActiveCfg = Release|Any CPU
		{D6A37A0E-F504-477B-903F-775D5E02B0A0}.Debug|Any CPU.ActiveCfg = Debug|Any CPU
		{D6A37A0E-F504-477B-903F-775D5E02B0A0}.Debug|Any CPU.Build.0 = Debug|Any CPU
		{D6A37A0E-F504-477B-903F-775D5E02B0A0}.Debug|ARM.ActiveCfg = Debug|Any CPU
		{D6A37A0E-F504-477B-903F-775D5E02B0A0}.Debug|Mixed Platforms.ActiveCfg = Debug|Any CPU
		{D6A37A0E-F504-477B-903F-775D5E02B0A0}.Debug|Mixed Platforms.Build.0 = Debug|Any CPU
		{D6A37A0E-F504-477B-903F-775D5E02B0A0}.Debug|x64.ActiveCfg = Debug|Any CPU
		{D6A37A0E-F504-477B-903F-775D5E02B0A0}.Debug|x86.ActiveCfg = Debug|Any CPU
		{D6A37A0E-F504-477B-903F-775D5E02B0A0}.Release|Any CPU.ActiveCfg = Release|Any CPU
		{D6A37A0E-F504-477B-903F-775D5E02B0A0}.Release|Any CPU.Build.0 = Release|Any CPU
		{D6A37A0E-F504-477B-903F-775D5E02B0A0}.Release|ARM.ActiveCfg = Release|Any CPU
		{D6A37A0E-F504-477B-903F-775D5E02B0A0}.Release|Mixed Platforms.ActiveCfg = Release|Any CPU
		{D6A37A0E-F504-477B-903F-775D5E02B0A0}.Release|Mixed Platforms.Build.0 = Release|Any CPU
		{D6A37A0E-F504-477B-903F-775D5E02B0A0}.Release|x64.ActiveCfg = Release|Any CPU
		{D6A37A0E-F504-477B-903F-775D5E02B0A0}.Release|x86.ActiveCfg = Release|Any CPU
		{6F6C6312-D149-416D-8AD4-1B6DE197391B}.Debug|Any CPU.ActiveCfg = Debug|Any CPU
		{6F6C6312-D149-416D-8AD4-1B6DE197391B}.Debug|Any CPU.Build.0 = Debug|Any CPU
		{6F6C6312-D149-416D-8AD4-1B6DE197391B}.Debug|ARM.ActiveCfg = Debug|Any CPU
		{6F6C6312-D149-416D-8AD4-1B6DE197391B}.Debug|Mixed Platforms.ActiveCfg = Debug|Any CPU
		{6F6C6312-D149-416D-8AD4-1B6DE197391B}.Debug|Mixed Platforms.Build.0 = Debug|Any CPU
		{6F6C6312-D149-416D-8AD4-1B6DE197391B}.Debug|x64.ActiveCfg = Debug|Any CPU
		{6F6C6312-D149-416D-8AD4-1B6DE197391B}.Debug|x86.ActiveCfg = Debug|Any CPU
		{6F6C6312-D149-416D-8AD4-1B6DE197391B}.Release|Any CPU.ActiveCfg = Release|Any CPU
		{6F6C6312-D149-416D-8AD4-1B6DE197391B}.Release|Any CPU.Build.0 = Release|Any CPU
		{6F6C6312-D149-416D-8AD4-1B6DE197391B}.Release|ARM.ActiveCfg = Release|Any CPU
		{6F6C6312-D149-416D-8AD4-1B6DE197391B}.Release|Mixed Platforms.ActiveCfg = Release|Any CPU
		{6F6C6312-D149-416D-8AD4-1B6DE197391B}.Release|Mixed Platforms.Build.0 = Release|Any CPU
		{6F6C6312-D149-416D-8AD4-1B6DE197391B}.Release|x64.ActiveCfg = Release|Any CPU
		{6F6C6312-D149-416D-8AD4-1B6DE197391B}.Release|x86.ActiveCfg = Release|Any CPU
		{7E436A50-A897-4599-A162-9FCA1673B3C2}.Debug|Any CPU.ActiveCfg = Debug|Any CPU
		{7E436A50-A897-4599-A162-9FCA1673B3C2}.Debug|Any CPU.Build.0 = Debug|Any CPU
		{7E436A50-A897-4599-A162-9FCA1673B3C2}.Debug|ARM.ActiveCfg = Debug|ARM
		{7E436A50-A897-4599-A162-9FCA1673B3C2}.Debug|ARM.Build.0 = Debug|ARM
		{7E436A50-A897-4599-A162-9FCA1673B3C2}.Debug|Mixed Platforms.ActiveCfg = Debug|Any CPU
		{7E436A50-A897-4599-A162-9FCA1673B3C2}.Debug|Mixed Platforms.Build.0 = Debug|Any CPU
		{7E436A50-A897-4599-A162-9FCA1673B3C2}.Debug|x64.ActiveCfg = Debug|Any CPU
		{7E436A50-A897-4599-A162-9FCA1673B3C2}.Debug|x86.ActiveCfg = Debug|x86
		{7E436A50-A897-4599-A162-9FCA1673B3C2}.Debug|x86.Build.0 = Debug|x86
		{7E436A50-A897-4599-A162-9FCA1673B3C2}.Release|Any CPU.ActiveCfg = Release|Any CPU
		{7E436A50-A897-4599-A162-9FCA1673B3C2}.Release|Any CPU.Build.0 = Release|Any CPU
		{7E436A50-A897-4599-A162-9FCA1673B3C2}.Release|ARM.ActiveCfg = Release|ARM
		{7E436A50-A897-4599-A162-9FCA1673B3C2}.Release|ARM.Build.0 = Release|ARM
		{7E436A50-A897-4599-A162-9FCA1673B3C2}.Release|Mixed Platforms.ActiveCfg = Release|Any CPU
		{7E436A50-A897-4599-A162-9FCA1673B3C2}.Release|Mixed Platforms.Build.0 = Release|Any CPU
		{7E436A50-A897-4599-A162-9FCA1673B3C2}.Release|x64.ActiveCfg = Release|Any CPU
		{7E436A50-A897-4599-A162-9FCA1673B3C2}.Release|x86.ActiveCfg = Release|x86
		{7E436A50-A897-4599-A162-9FCA1673B3C2}.Release|x86.Build.0 = Release|x86
		{C4D0C333-D6FA-46D5-A513-AC71E4805789}.Debug|Any CPU.ActiveCfg = Debug|Any CPU
		{C4D0C333-D6FA-46D5-A513-AC71E4805789}.Debug|Any CPU.Build.0 = Debug|Any CPU
		{C4D0C333-D6FA-46D5-A513-AC71E4805789}.Debug|ARM.ActiveCfg = Debug|Any CPU
		{C4D0C333-D6FA-46D5-A513-AC71E4805789}.Debug|Mixed Platforms.ActiveCfg = Debug|Any CPU
		{C4D0C333-D6FA-46D5-A513-AC71E4805789}.Debug|Mixed Platforms.Build.0 = Debug|Any CPU
		{C4D0C333-D6FA-46D5-A513-AC71E4805789}.Debug|x64.ActiveCfg = Debug|Any CPU
		{C4D0C333-D6FA-46D5-A513-AC71E4805789}.Debug|x86.ActiveCfg = Debug|Any CPU
		{C4D0C333-D6FA-46D5-A513-AC71E4805789}.Release|Any CPU.ActiveCfg = Release|Any CPU
		{C4D0C333-D6FA-46D5-A513-AC71E4805789}.Release|Any CPU.Build.0 = Release|Any CPU
		{C4D0C333-D6FA-46D5-A513-AC71E4805789}.Release|ARM.ActiveCfg = Release|Any CPU
		{C4D0C333-D6FA-46D5-A513-AC71E4805789}.Release|Mixed Platforms.ActiveCfg = Release|Any CPU
		{C4D0C333-D6FA-46D5-A513-AC71E4805789}.Release|Mixed Platforms.Build.0 = Release|Any CPU
		{C4D0C333-D6FA-46D5-A513-AC71E4805789}.Release|x64.ActiveCfg = Release|Any CPU
		{C4D0C333-D6FA-46D5-A513-AC71E4805789}.Release|x86.ActiveCfg = Release|Any CPU
		{CAC108A9-4E3E-464B-BC70-8AE0DAEBEFAF}.Debug|Any CPU.ActiveCfg = Debug|Any CPU
		{CAC108A9-4E3E-464B-BC70-8AE0DAEBEFAF}.Debug|Any CPU.Build.0 = Debug|Any CPU
		{CAC108A9-4E3E-464B-BC70-8AE0DAEBEFAF}.Debug|ARM.ActiveCfg = Debug|Any CPU
		{CAC108A9-4E3E-464B-BC70-8AE0DAEBEFAF}.Debug|Mixed Platforms.ActiveCfg = Debug|Any CPU
		{CAC108A9-4E3E-464B-BC70-8AE0DAEBEFAF}.Debug|Mixed Platforms.Build.0 = Debug|Any CPU
		{CAC108A9-4E3E-464B-BC70-8AE0DAEBEFAF}.Debug|x64.ActiveCfg = Debug|Any CPU
		{CAC108A9-4E3E-464B-BC70-8AE0DAEBEFAF}.Debug|x86.ActiveCfg = Debug|Any CPU
		{CAC108A9-4E3E-464B-BC70-8AE0DAEBEFAF}.Release|Any CPU.ActiveCfg = Release|Any CPU
		{CAC108A9-4E3E-464B-BC70-8AE0DAEBEFAF}.Release|Any CPU.Build.0 = Release|Any CPU
		{CAC108A9-4E3E-464B-BC70-8AE0DAEBEFAF}.Release|ARM.ActiveCfg = Release|Any CPU
		{CAC108A9-4E3E-464B-BC70-8AE0DAEBEFAF}.Release|Mixed Platforms.ActiveCfg = Release|Any CPU
		{CAC108A9-4E3E-464B-BC70-8AE0DAEBEFAF}.Release|Mixed Platforms.Build.0 = Release|Any CPU
		{CAC108A9-4E3E-464B-BC70-8AE0DAEBEFAF}.Release|x64.ActiveCfg = Release|Any CPU
		{CAC108A9-4E3E-464B-BC70-8AE0DAEBEFAF}.Release|x86.ActiveCfg = Release|Any CPU
		{CB9D3592-834A-4A7A-9439-F9580328792A}.Debug|Any CPU.ActiveCfg = Debug|Any CPU
		{CB9D3592-834A-4A7A-9439-F9580328792A}.Debug|Any CPU.Build.0 = Debug|Any CPU
		{CB9D3592-834A-4A7A-9439-F9580328792A}.Debug|Any CPU.Deploy.0 = Debug|Any CPU
		{CB9D3592-834A-4A7A-9439-F9580328792A}.Debug|ARM.ActiveCfg = Debug|ARM
		{CB9D3592-834A-4A7A-9439-F9580328792A}.Debug|ARM.Build.0 = Debug|ARM
		{CB9D3592-834A-4A7A-9439-F9580328792A}.Debug|ARM.Deploy.0 = Debug|ARM
		{CB9D3592-834A-4A7A-9439-F9580328792A}.Debug|Mixed Platforms.ActiveCfg = Debug|x86
		{CB9D3592-834A-4A7A-9439-F9580328792A}.Debug|Mixed Platforms.Build.0 = Debug|x86
		{CB9D3592-834A-4A7A-9439-F9580328792A}.Debug|Mixed Platforms.Deploy.0 = Debug|x86
		{CB9D3592-834A-4A7A-9439-F9580328792A}.Debug|x64.ActiveCfg = Debug|x64
		{CB9D3592-834A-4A7A-9439-F9580328792A}.Debug|x64.Build.0 = Debug|x64
		{CB9D3592-834A-4A7A-9439-F9580328792A}.Debug|x64.Deploy.0 = Debug|x64
		{CB9D3592-834A-4A7A-9439-F9580328792A}.Debug|x86.ActiveCfg = Debug|x86
		{CB9D3592-834A-4A7A-9439-F9580328792A}.Debug|x86.Build.0 = Debug|x86
		{CB9D3592-834A-4A7A-9439-F9580328792A}.Debug|x86.Deploy.0 = Debug|x86
		{CB9D3592-834A-4A7A-9439-F9580328792A}.Release|Any CPU.ActiveCfg = Release|Any CPU
		{CB9D3592-834A-4A7A-9439-F9580328792A}.Release|Any CPU.Build.0 = Release|Any CPU
		{CB9D3592-834A-4A7A-9439-F9580328792A}.Release|Any CPU.Deploy.0 = Release|Any CPU
		{CB9D3592-834A-4A7A-9439-F9580328792A}.Release|ARM.ActiveCfg = Release|ARM
		{CB9D3592-834A-4A7A-9439-F9580328792A}.Release|ARM.Build.0 = Release|ARM
		{CB9D3592-834A-4A7A-9439-F9580328792A}.Release|ARM.Deploy.0 = Release|ARM
		{CB9D3592-834A-4A7A-9439-F9580328792A}.Release|Mixed Platforms.ActiveCfg = Release|x86
		{CB9D3592-834A-4A7A-9439-F9580328792A}.Release|Mixed Platforms.Build.0 = Release|x86
		{CB9D3592-834A-4A7A-9439-F9580328792A}.Release|Mixed Platforms.Deploy.0 = Release|x86
		{CB9D3592-834A-4A7A-9439-F9580328792A}.Release|x64.ActiveCfg = Release|x64
		{CB9D3592-834A-4A7A-9439-F9580328792A}.Release|x64.Build.0 = Release|x64
		{CB9D3592-834A-4A7A-9439-F9580328792A}.Release|x64.Deploy.0 = Release|x64
		{CB9D3592-834A-4A7A-9439-F9580328792A}.Release|x86.ActiveCfg = Release|x86
		{CB9D3592-834A-4A7A-9439-F9580328792A}.Release|x86.Build.0 = Release|x86
		{CB9D3592-834A-4A7A-9439-F9580328792A}.Release|x86.Deploy.0 = Release|x86
		{DEC7DCE6-D261-42E4-BDB0-3B99CFD600C4}.Debug|Any CPU.ActiveCfg = Debug|Any CPU
		{DEC7DCE6-D261-42E4-BDB0-3B99CFD600C4}.Debug|Any CPU.Build.0 = Debug|Any CPU
		{DEC7DCE6-D261-42E4-BDB0-3B99CFD600C4}.Debug|Any CPU.Deploy.0 = Debug|Any CPU
		{DEC7DCE6-D261-42E4-BDB0-3B99CFD600C4}.Debug|ARM.ActiveCfg = Debug|ARM
		{DEC7DCE6-D261-42E4-BDB0-3B99CFD600C4}.Debug|ARM.Build.0 = Debug|ARM
		{DEC7DCE6-D261-42E4-BDB0-3B99CFD600C4}.Debug|ARM.Deploy.0 = Debug|ARM
		{DEC7DCE6-D261-42E4-BDB0-3B99CFD600C4}.Debug|Mixed Platforms.ActiveCfg = Debug|x86
		{DEC7DCE6-D261-42E4-BDB0-3B99CFD600C4}.Debug|Mixed Platforms.Build.0 = Debug|x86
		{DEC7DCE6-D261-42E4-BDB0-3B99CFD600C4}.Debug|Mixed Platforms.Deploy.0 = Debug|x86
		{DEC7DCE6-D261-42E4-BDB0-3B99CFD600C4}.Debug|x64.ActiveCfg = Debug|Any CPU
		{DEC7DCE6-D261-42E4-BDB0-3B99CFD600C4}.Debug|x86.ActiveCfg = Debug|x86
		{DEC7DCE6-D261-42E4-BDB0-3B99CFD600C4}.Debug|x86.Build.0 = Debug|x86
		{DEC7DCE6-D261-42E4-BDB0-3B99CFD600C4}.Debug|x86.Deploy.0 = Debug|x86
		{DEC7DCE6-D261-42E4-BDB0-3B99CFD600C4}.Release|Any CPU.ActiveCfg = Release|Any CPU
		{DEC7DCE6-D261-42E4-BDB0-3B99CFD600C4}.Release|Any CPU.Build.0 = Release|Any CPU
		{DEC7DCE6-D261-42E4-BDB0-3B99CFD600C4}.Release|Any CPU.Deploy.0 = Release|Any CPU
		{DEC7DCE6-D261-42E4-BDB0-3B99CFD600C4}.Release|ARM.ActiveCfg = Release|ARM
		{DEC7DCE6-D261-42E4-BDB0-3B99CFD600C4}.Release|ARM.Build.0 = Release|ARM
		{DEC7DCE6-D261-42E4-BDB0-3B99CFD600C4}.Release|ARM.Deploy.0 = Release|ARM
		{DEC7DCE6-D261-42E4-BDB0-3B99CFD600C4}.Release|Mixed Platforms.ActiveCfg = Release|x86
		{DEC7DCE6-D261-42E4-BDB0-3B99CFD600C4}.Release|Mixed Platforms.Build.0 = Release|x86
		{DEC7DCE6-D261-42E4-BDB0-3B99CFD600C4}.Release|Mixed Platforms.Deploy.0 = Release|x86
		{DEC7DCE6-D261-42E4-BDB0-3B99CFD600C4}.Release|x64.ActiveCfg = Release|Any CPU
		{DEC7DCE6-D261-42E4-BDB0-3B99CFD600C4}.Release|x86.ActiveCfg = Release|x86
		{DEC7DCE6-D261-42E4-BDB0-3B99CFD600C4}.Release|x86.Build.0 = Release|x86
		{DEC7DCE6-D261-42E4-BDB0-3B99CFD600C4}.Release|x86.Deploy.0 = Release|x86
		{D67DBA15-D568-4BE2-8714-2A58FA6C1753}.Debug|Any CPU.ActiveCfg = Debug|Any CPU
		{D67DBA15-D568-4BE2-8714-2A58FA6C1753}.Debug|Any CPU.Build.0 = Debug|Any CPU
		{D67DBA15-D568-4BE2-8714-2A58FA6C1753}.Debug|ARM.ActiveCfg = Debug|ARM
		{D67DBA15-D568-4BE2-8714-2A58FA6C1753}.Debug|ARM.Build.0 = Debug|ARM
		{D67DBA15-D568-4BE2-8714-2A58FA6C1753}.Debug|Mixed Platforms.ActiveCfg = Debug|Any CPU
		{D67DBA15-D568-4BE2-8714-2A58FA6C1753}.Debug|Mixed Platforms.Build.0 = Debug|Any CPU
		{D67DBA15-D568-4BE2-8714-2A58FA6C1753}.Debug|x64.ActiveCfg = Debug|x64
		{D67DBA15-D568-4BE2-8714-2A58FA6C1753}.Debug|x64.Build.0 = Debug|x64
		{D67DBA15-D568-4BE2-8714-2A58FA6C1753}.Debug|x86.ActiveCfg = Debug|x86
		{D67DBA15-D568-4BE2-8714-2A58FA6C1753}.Debug|x86.Build.0 = Debug|x86
		{D67DBA15-D568-4BE2-8714-2A58FA6C1753}.Release|Any CPU.ActiveCfg = Release|Any CPU
		{D67DBA15-D568-4BE2-8714-2A58FA6C1753}.Release|Any CPU.Build.0 = Release|Any CPU
		{D67DBA15-D568-4BE2-8714-2A58FA6C1753}.Release|ARM.ActiveCfg = Release|ARM
		{D67DBA15-D568-4BE2-8714-2A58FA6C1753}.Release|ARM.Build.0 = Release|ARM
		{D67DBA15-D568-4BE2-8714-2A58FA6C1753}.Release|Mixed Platforms.ActiveCfg = Release|x86
		{D67DBA15-D568-4BE2-8714-2A58FA6C1753}.Release|Mixed Platforms.Build.0 = Release|x86
		{D67DBA15-D568-4BE2-8714-2A58FA6C1753}.Release|x64.ActiveCfg = Release|x64
		{D67DBA15-D568-4BE2-8714-2A58FA6C1753}.Release|x64.Build.0 = Release|x64
		{D67DBA15-D568-4BE2-8714-2A58FA6C1753}.Release|x86.ActiveCfg = Release|x86
		{D67DBA15-D568-4BE2-8714-2A58FA6C1753}.Release|x86.Build.0 = Release|x86
		{111788E9-E05A-46AA-B890-DFB3C7AECBD8}.Debug|Any CPU.ActiveCfg = Debug|Any CPU
		{111788E9-E05A-46AA-B890-DFB3C7AECBD8}.Debug|Any CPU.Build.0 = Debug|Any CPU
		{111788E9-E05A-46AA-B890-DFB3C7AECBD8}.Debug|ARM.ActiveCfg = Debug|Any CPU
		{111788E9-E05A-46AA-B890-DFB3C7AECBD8}.Debug|Mixed Platforms.ActiveCfg = Debug|Any CPU
		{111788E9-E05A-46AA-B890-DFB3C7AECBD8}.Debug|Mixed Platforms.Build.0 = Debug|Any CPU
		{111788E9-E05A-46AA-B890-DFB3C7AECBD8}.Debug|x64.ActiveCfg = Debug|Any CPU
		{111788E9-E05A-46AA-B890-DFB3C7AECBD8}.Debug|x86.ActiveCfg = Debug|Any CPU
		{111788E9-E05A-46AA-B890-DFB3C7AECBD8}.Release|Any CPU.ActiveCfg = Release|Any CPU
		{111788E9-E05A-46AA-B890-DFB3C7AECBD8}.Release|Any CPU.Build.0 = Release|Any CPU
		{111788E9-E05A-46AA-B890-DFB3C7AECBD8}.Release|ARM.ActiveCfg = Release|Any CPU
		{111788E9-E05A-46AA-B890-DFB3C7AECBD8}.Release|Mixed Platforms.ActiveCfg = Release|Any CPU
		{111788E9-E05A-46AA-B890-DFB3C7AECBD8}.Release|Mixed Platforms.Build.0 = Release|Any CPU
		{111788E9-E05A-46AA-B890-DFB3C7AECBD8}.Release|x64.ActiveCfg = Release|Any CPU
		{111788E9-E05A-46AA-B890-DFB3C7AECBD8}.Release|x86.ActiveCfg = Release|Any CPU
		{31F348A7-D2F9-4507-8033-40AF2D19269E}.Debug|Any CPU.ActiveCfg = Debug|Any CPU
		{31F348A7-D2F9-4507-8033-40AF2D19269E}.Debug|Any CPU.Build.0 = Debug|Any CPU
		{31F348A7-D2F9-4507-8033-40AF2D19269E}.Debug|ARM.ActiveCfg = Debug|ARM
		{31F348A7-D2F9-4507-8033-40AF2D19269E}.Debug|ARM.Build.0 = Debug|ARM
		{31F348A7-D2F9-4507-8033-40AF2D19269E}.Debug|Mixed Platforms.ActiveCfg = Debug|Any CPU
		{31F348A7-D2F9-4507-8033-40AF2D19269E}.Debug|Mixed Platforms.Build.0 = Debug|Any CPU
		{31F348A7-D2F9-4507-8033-40AF2D19269E}.Debug|x64.ActiveCfg = Debug|Any CPU
		{31F348A7-D2F9-4507-8033-40AF2D19269E}.Debug|x86.ActiveCfg = Debug|x86
		{31F348A7-D2F9-4507-8033-40AF2D19269E}.Debug|x86.Build.0 = Debug|x86
		{31F348A7-D2F9-4507-8033-40AF2D19269E}.Release|Any CPU.ActiveCfg = Release|Any CPU
		{31F348A7-D2F9-4507-8033-40AF2D19269E}.Release|Any CPU.Build.0 = Release|Any CPU
		{31F348A7-D2F9-4507-8033-40AF2D19269E}.Release|ARM.ActiveCfg = Release|ARM
		{31F348A7-D2F9-4507-8033-40AF2D19269E}.Release|ARM.Build.0 = Release|ARM
		{31F348A7-D2F9-4507-8033-40AF2D19269E}.Release|Mixed Platforms.ActiveCfg = Release|x86
		{31F348A7-D2F9-4507-8033-40AF2D19269E}.Release|Mixed Platforms.Build.0 = Release|x86
		{31F348A7-D2F9-4507-8033-40AF2D19269E}.Release|x64.ActiveCfg = Release|Any CPU
		{31F348A7-D2F9-4507-8033-40AF2D19269E}.Release|x86.ActiveCfg = Release|x86
		{31F348A7-D2F9-4507-8033-40AF2D19269E}.Release|x86.Build.0 = Release|x86
		{0650F955-7299-4A65-8400-5980750D6FD8}.Debug|Any CPU.ActiveCfg = Debug|x86
		{0650F955-7299-4A65-8400-5980750D6FD8}.Debug|ARM.ActiveCfg = Debug|ARM
		{0650F955-7299-4A65-8400-5980750D6FD8}.Debug|ARM.Build.0 = Debug|ARM
		{0650F955-7299-4A65-8400-5980750D6FD8}.Debug|ARM.Deploy.0 = Debug|ARM
		{0650F955-7299-4A65-8400-5980750D6FD8}.Debug|Mixed Platforms.ActiveCfg = Debug|x86
		{0650F955-7299-4A65-8400-5980750D6FD8}.Debug|Mixed Platforms.Build.0 = Debug|x86
		{0650F955-7299-4A65-8400-5980750D6FD8}.Debug|Mixed Platforms.Deploy.0 = Debug|x86
		{0650F955-7299-4A65-8400-5980750D6FD8}.Debug|x64.ActiveCfg = Debug|x86
		{0650F955-7299-4A65-8400-5980750D6FD8}.Debug|x86.ActiveCfg = Debug|x86
		{0650F955-7299-4A65-8400-5980750D6FD8}.Debug|x86.Build.0 = Debug|x86
		{0650F955-7299-4A65-8400-5980750D6FD8}.Debug|x86.Deploy.0 = Debug|x86
		{0650F955-7299-4A65-8400-5980750D6FD8}.Release|Any CPU.ActiveCfg = Release|x86
		{0650F955-7299-4A65-8400-5980750D6FD8}.Release|ARM.ActiveCfg = Release|ARM
		{0650F955-7299-4A65-8400-5980750D6FD8}.Release|ARM.Build.0 = Release|ARM
		{0650F955-7299-4A65-8400-5980750D6FD8}.Release|ARM.Deploy.0 = Release|ARM
		{0650F955-7299-4A65-8400-5980750D6FD8}.Release|Mixed Platforms.ActiveCfg = Release|x86
		{0650F955-7299-4A65-8400-5980750D6FD8}.Release|Mixed Platforms.Build.0 = Release|x86
		{0650F955-7299-4A65-8400-5980750D6FD8}.Release|Mixed Platforms.Deploy.0 = Release|x86
		{0650F955-7299-4A65-8400-5980750D6FD8}.Release|x64.ActiveCfg = Release|x86
		{0650F955-7299-4A65-8400-5980750D6FD8}.Release|x86.ActiveCfg = Release|x86
		{0650F955-7299-4A65-8400-5980750D6FD8}.Release|x86.Build.0 = Release|x86
		{0650F955-7299-4A65-8400-5980750D6FD8}.Release|x86.Deploy.0 = Release|x86
		{384A21D2-331D-4DB4-9633-CBD3CD47B3D6}.Debug|Any CPU.ActiveCfg = Debug|Any CPU
		{384A21D2-331D-4DB4-9633-CBD3CD47B3D6}.Debug|Any CPU.Build.0 = Debug|Any CPU
		{384A21D2-331D-4DB4-9633-CBD3CD47B3D6}.Debug|Any CPU.Deploy.0 = Debug|Any CPU
		{384A21D2-331D-4DB4-9633-CBD3CD47B3D6}.Debug|ARM.ActiveCfg = Debug|ARM
		{384A21D2-331D-4DB4-9633-CBD3CD47B3D6}.Debug|ARM.Build.0 = Debug|ARM
		{384A21D2-331D-4DB4-9633-CBD3CD47B3D6}.Debug|ARM.Deploy.0 = Debug|ARM
		{384A21D2-331D-4DB4-9633-CBD3CD47B3D6}.Debug|Mixed Platforms.ActiveCfg = Debug|x86
		{384A21D2-331D-4DB4-9633-CBD3CD47B3D6}.Debug|Mixed Platforms.Build.0 = Debug|x86
		{384A21D2-331D-4DB4-9633-CBD3CD47B3D6}.Debug|Mixed Platforms.Deploy.0 = Debug|x86
		{384A21D2-331D-4DB4-9633-CBD3CD47B3D6}.Debug|x64.ActiveCfg = Debug|x64
		{384A21D2-331D-4DB4-9633-CBD3CD47B3D6}.Debug|x64.Build.0 = Debug|x64
		{384A21D2-331D-4DB4-9633-CBD3CD47B3D6}.Debug|x64.Deploy.0 = Debug|x64
		{384A21D2-331D-4DB4-9633-CBD3CD47B3D6}.Debug|x86.ActiveCfg = Debug|x86
		{384A21D2-331D-4DB4-9633-CBD3CD47B3D6}.Debug|x86.Build.0 = Debug|x86
		{384A21D2-331D-4DB4-9633-CBD3CD47B3D6}.Debug|x86.Deploy.0 = Debug|x86
		{384A21D2-331D-4DB4-9633-CBD3CD47B3D6}.Release|Any CPU.ActiveCfg = Release|Any CPU
		{384A21D2-331D-4DB4-9633-CBD3CD47B3D6}.Release|Any CPU.Build.0 = Release|Any CPU
		{384A21D2-331D-4DB4-9633-CBD3CD47B3D6}.Release|Any CPU.Deploy.0 = Release|Any CPU
		{384A21D2-331D-4DB4-9633-CBD3CD47B3D6}.Release|ARM.ActiveCfg = Release|ARM
		{384A21D2-331D-4DB4-9633-CBD3CD47B3D6}.Release|ARM.Build.0 = Release|ARM
		{384A21D2-331D-4DB4-9633-CBD3CD47B3D6}.Release|ARM.Deploy.0 = Release|ARM
		{384A21D2-331D-4DB4-9633-CBD3CD47B3D6}.Release|Mixed Platforms.ActiveCfg = Release|x86
		{384A21D2-331D-4DB4-9633-CBD3CD47B3D6}.Release|Mixed Platforms.Build.0 = Release|x86
		{384A21D2-331D-4DB4-9633-CBD3CD47B3D6}.Release|Mixed Platforms.Deploy.0 = Release|x86
		{384A21D2-331D-4DB4-9633-CBD3CD47B3D6}.Release|x64.ActiveCfg = Release|x64
		{384A21D2-331D-4DB4-9633-CBD3CD47B3D6}.Release|x64.Build.0 = Release|x64
		{384A21D2-331D-4DB4-9633-CBD3CD47B3D6}.Release|x64.Deploy.0 = Release|x64
		{384A21D2-331D-4DB4-9633-CBD3CD47B3D6}.Release|x86.ActiveCfg = Release|x86
		{384A21D2-331D-4DB4-9633-CBD3CD47B3D6}.Release|x86.Build.0 = Release|x86
		{384A21D2-331D-4DB4-9633-CBD3CD47B3D6}.Release|x86.Deploy.0 = Release|x86
		{34780267-6FB3-4F87-B61D-04F81A9F83A7}.Debug|Any CPU.ActiveCfg = Debug|Any CPU
		{34780267-6FB3-4F87-B61D-04F81A9F83A7}.Debug|Any CPU.Build.0 = Debug|Any CPU
		{34780267-6FB3-4F87-B61D-04F81A9F83A7}.Debug|ARM.ActiveCfg = Debug|Any CPU
		{34780267-6FB3-4F87-B61D-04F81A9F83A7}.Debug|Mixed Platforms.ActiveCfg = Debug|Any CPU
		{34780267-6FB3-4F87-B61D-04F81A9F83A7}.Debug|Mixed Platforms.Build.0 = Debug|Any CPU
		{34780267-6FB3-4F87-B61D-04F81A9F83A7}.Debug|x64.ActiveCfg = Debug|Any CPU
		{34780267-6FB3-4F87-B61D-04F81A9F83A7}.Debug|x86.ActiveCfg = Debug|Any CPU
		{34780267-6FB3-4F87-B61D-04F81A9F83A7}.Release|Any CPU.ActiveCfg = Release|Any CPU
		{34780267-6FB3-4F87-B61D-04F81A9F83A7}.Release|Any CPU.Build.0 = Release|Any CPU
		{34780267-6FB3-4F87-B61D-04F81A9F83A7}.Release|ARM.ActiveCfg = Release|Any CPU
		{34780267-6FB3-4F87-B61D-04F81A9F83A7}.Release|Mixed Platforms.ActiveCfg = Release|Any CPU
		{34780267-6FB3-4F87-B61D-04F81A9F83A7}.Release|Mixed Platforms.Build.0 = Release|Any CPU
		{34780267-6FB3-4F87-B61D-04F81A9F83A7}.Release|x64.ActiveCfg = Release|Any CPU
		{34780267-6FB3-4F87-B61D-04F81A9F83A7}.Release|x86.ActiveCfg = Release|Any CPU
		{5529F692-514A-4DDE-9B6C-F47EA888496B}.Debug|Any CPU.ActiveCfg = Debug|Any CPU
		{5529F692-514A-4DDE-9B6C-F47EA888496B}.Debug|Any CPU.Build.0 = Debug|Any CPU
		{5529F692-514A-4DDE-9B6C-F47EA888496B}.Debug|ARM.ActiveCfg = Debug|Any CPU
		{5529F692-514A-4DDE-9B6C-F47EA888496B}.Debug|Mixed Platforms.ActiveCfg = Debug|Any CPU
		{5529F692-514A-4DDE-9B6C-F47EA888496B}.Debug|Mixed Platforms.Build.0 = Debug|Any CPU
		{5529F692-514A-4DDE-9B6C-F47EA888496B}.Debug|x64.ActiveCfg = Debug|Any CPU
		{5529F692-514A-4DDE-9B6C-F47EA888496B}.Debug|x86.ActiveCfg = Debug|Any CPU
		{5529F692-514A-4DDE-9B6C-F47EA888496B}.Release|Any CPU.ActiveCfg = Release|Any CPU
		{5529F692-514A-4DDE-9B6C-F47EA888496B}.Release|Any CPU.Build.0 = Release|Any CPU
		{5529F692-514A-4DDE-9B6C-F47EA888496B}.Release|ARM.ActiveCfg = Release|Any CPU
		{5529F692-514A-4DDE-9B6C-F47EA888496B}.Release|Mixed Platforms.ActiveCfg = Release|Any CPU
		{5529F692-514A-4DDE-9B6C-F47EA888496B}.Release|Mixed Platforms.Build.0 = Release|Any CPU
		{5529F692-514A-4DDE-9B6C-F47EA888496B}.Release|x64.ActiveCfg = Release|Any CPU
		{5529F692-514A-4DDE-9B6C-F47EA888496B}.Release|x86.ActiveCfg = Release|Any CPU
		{34622C40-7F2F-4A02-B57D-E436E7479F27}.Debug|Any CPU.ActiveCfg = Debug|Any CPU
		{34622C40-7F2F-4A02-B57D-E436E7479F27}.Debug|Any CPU.Build.0 = Debug|Any CPU
		{34622C40-7F2F-4A02-B57D-E436E7479F27}.Debug|ARM.ActiveCfg = Debug|Any CPU
		{34622C40-7F2F-4A02-B57D-E436E7479F27}.Debug|Mixed Platforms.ActiveCfg = Debug|Any CPU
		{34622C40-7F2F-4A02-B57D-E436E7479F27}.Debug|Mixed Platforms.Build.0 = Debug|Any CPU
		{34622C40-7F2F-4A02-B57D-E436E7479F27}.Debug|x64.ActiveCfg = Debug|Any CPU
		{34622C40-7F2F-4A02-B57D-E436E7479F27}.Debug|x86.ActiveCfg = Debug|Any CPU
		{34622C40-7F2F-4A02-B57D-E436E7479F27}.Release|Any CPU.ActiveCfg = Release|Any CPU
		{34622C40-7F2F-4A02-B57D-E436E7479F27}.Release|Any CPU.Build.0 = Release|Any CPU
		{34622C40-7F2F-4A02-B57D-E436E7479F27}.Release|ARM.ActiveCfg = Release|Any CPU
		{34622C40-7F2F-4A02-B57D-E436E7479F27}.Release|Mixed Platforms.ActiveCfg = Release|Any CPU
		{34622C40-7F2F-4A02-B57D-E436E7479F27}.Release|Mixed Platforms.Build.0 = Release|Any CPU
		{34622C40-7F2F-4A02-B57D-E436E7479F27}.Release|x64.ActiveCfg = Release|Any CPU
		{34622C40-7F2F-4A02-B57D-E436E7479F27}.Release|x86.ActiveCfg = Release|Any CPU
		{41E68FDF-FA6A-4BD5-8EC6-2455DDE95BCF}.Debug|Any CPU.ActiveCfg = Debug|Any CPU
		{41E68FDF-FA6A-4BD5-8EC6-2455DDE95BCF}.Debug|Any CPU.Build.0 = Debug|Any CPU
		{41E68FDF-FA6A-4BD5-8EC6-2455DDE95BCF}.Debug|ARM.ActiveCfg = Debug|Any CPU
		{41E68FDF-FA6A-4BD5-8EC6-2455DDE95BCF}.Debug|Mixed Platforms.ActiveCfg = Debug|Any CPU
		{41E68FDF-FA6A-4BD5-8EC6-2455DDE95BCF}.Debug|Mixed Platforms.Build.0 = Debug|Any CPU
		{41E68FDF-FA6A-4BD5-8EC6-2455DDE95BCF}.Debug|x64.ActiveCfg = Debug|Any CPU
		{41E68FDF-FA6A-4BD5-8EC6-2455DDE95BCF}.Debug|x86.ActiveCfg = Debug|Any CPU
		{41E68FDF-FA6A-4BD5-8EC6-2455DDE95BCF}.Release|Any CPU.ActiveCfg = Release|Any CPU
		{41E68FDF-FA6A-4BD5-8EC6-2455DDE95BCF}.Release|Any CPU.Build.0 = Release|Any CPU
		{41E68FDF-FA6A-4BD5-8EC6-2455DDE95BCF}.Release|ARM.ActiveCfg = Release|Any CPU
		{41E68FDF-FA6A-4BD5-8EC6-2455DDE95BCF}.Release|Mixed Platforms.ActiveCfg = Release|Any CPU
		{41E68FDF-FA6A-4BD5-8EC6-2455DDE95BCF}.Release|Mixed Platforms.Build.0 = Release|Any CPU
		{41E68FDF-FA6A-4BD5-8EC6-2455DDE95BCF}.Release|x64.ActiveCfg = Release|Any CPU
		{41E68FDF-FA6A-4BD5-8EC6-2455DDE95BCF}.Release|x86.ActiveCfg = Release|Any CPU
		{9EAFE938-F79E-48E1-8394-D3F2EAFBBDCB}.Debug|Any CPU.ActiveCfg = Debug|Any CPU
		{9EAFE938-F79E-48E1-8394-D3F2EAFBBDCB}.Debug|Any CPU.Build.0 = Debug|Any CPU
		{9EAFE938-F79E-48E1-8394-D3F2EAFBBDCB}.Debug|ARM.ActiveCfg = Debug|Any CPU
		{9EAFE938-F79E-48E1-8394-D3F2EAFBBDCB}.Debug|Mixed Platforms.ActiveCfg = Debug|Any CPU
		{9EAFE938-F79E-48E1-8394-D3F2EAFBBDCB}.Debug|Mixed Platforms.Build.0 = Debug|Any CPU
		{9EAFE938-F79E-48E1-8394-D3F2EAFBBDCB}.Debug|x64.ActiveCfg = Debug|Any CPU
		{9EAFE938-F79E-48E1-8394-D3F2EAFBBDCB}.Debug|x86.ActiveCfg = Debug|Any CPU
		{9EAFE938-F79E-48E1-8394-D3F2EAFBBDCB}.Release|Any CPU.ActiveCfg = Release|Any CPU
		{9EAFE938-F79E-48E1-8394-D3F2EAFBBDCB}.Release|Any CPU.Build.0 = Release|Any CPU
		{9EAFE938-F79E-48E1-8394-D3F2EAFBBDCB}.Release|ARM.ActiveCfg = Release|Any CPU
		{9EAFE938-F79E-48E1-8394-D3F2EAFBBDCB}.Release|Mixed Platforms.ActiveCfg = Release|Any CPU
		{9EAFE938-F79E-48E1-8394-D3F2EAFBBDCB}.Release|Mixed Platforms.Build.0 = Release|Any CPU
		{9EAFE938-F79E-48E1-8394-D3F2EAFBBDCB}.Release|x64.ActiveCfg = Release|Any CPU
		{9EAFE938-F79E-48E1-8394-D3F2EAFBBDCB}.Release|x86.ActiveCfg = Release|Any CPU
		{87B199D5-1367-4015-A75E-74BCF53F07CB}.Debug|Any CPU.ActiveCfg = Debug|Any CPU
		{87B199D5-1367-4015-A75E-74BCF53F07CB}.Debug|Any CPU.Build.0 = Debug|Any CPU
		{87B199D5-1367-4015-A75E-74BCF53F07CB}.Debug|ARM.ActiveCfg = Debug|Any CPU
		{87B199D5-1367-4015-A75E-74BCF53F07CB}.Debug|Mixed Platforms.ActiveCfg = Debug|Any CPU
		{87B199D5-1367-4015-A75E-74BCF53F07CB}.Debug|Mixed Platforms.Build.0 = Debug|Any CPU
		{87B199D5-1367-4015-A75E-74BCF53F07CB}.Debug|x64.ActiveCfg = Debug|Any CPU
		{87B199D5-1367-4015-A75E-74BCF53F07CB}.Debug|x86.ActiveCfg = Debug|Any CPU
		{87B199D5-1367-4015-A75E-74BCF53F07CB}.Release|Any CPU.ActiveCfg = Release|Any CPU
		{87B199D5-1367-4015-A75E-74BCF53F07CB}.Release|Any CPU.Build.0 = Release|Any CPU
		{87B199D5-1367-4015-A75E-74BCF53F07CB}.Release|ARM.ActiveCfg = Release|Any CPU
		{87B199D5-1367-4015-A75E-74BCF53F07CB}.Release|Mixed Platforms.ActiveCfg = Release|Any CPU
		{87B199D5-1367-4015-A75E-74BCF53F07CB}.Release|Mixed Platforms.Build.0 = Release|Any CPU
		{87B199D5-1367-4015-A75E-74BCF53F07CB}.Release|x64.ActiveCfg = Release|Any CPU
		{87B199D5-1367-4015-A75E-74BCF53F07CB}.Release|x86.ActiveCfg = Release|Any CPU
	EndGlobalSection
	GlobalSection(SolutionProperties) = preSolution
		HideSolutionNode = FALSE
	EndGlobalSection
	GlobalSection(NestedProjects) = preSolution
		{243748A0-9797-4FA9-A805-D71127EAC3DA} = {C34B8B90-F727-43D5-AC70-BEFB5922FB66}
		{30F09B47-76F8-41C2-B714-16B8D83E8990} = {C34B8B90-F727-43D5-AC70-BEFB5922FB66}
		{7D1ED167-38FE-4E34-BFA3-3670C9068F19} = {C34B8B90-F727-43D5-AC70-BEFB5922FB66}
		{5F7CF529-EE82-4B80-BA56-542069DA7AAD} = {C34B8B90-F727-43D5-AC70-BEFB5922FB66}
		{19368999-DD20-4534-8377-3D58063F8CFD} = {C34B8B90-F727-43D5-AC70-BEFB5922FB66}
		{D9F92E1A-296A-4539-A57A-ACDAC6E41E7D} = {C34B8B90-F727-43D5-AC70-BEFB5922FB66}
		{0DCB8EF9-C3D0-41F6-A0E2-F2A1CB0F6601} = {C34B8B90-F727-43D5-AC70-BEFB5922FB66}
		{A909273F-5824-4024-A99A-827D4648C6E9} = {C34B8B90-F727-43D5-AC70-BEFB5922FB66}
		{1A63AC55-861B-4498-B54F-0EFFFA77AEDC} = {C34B8B90-F727-43D5-AC70-BEFB5922FB66}
		{F5BD2E1F-DCDD-4A1C-8130-236C2D75FF93} = {C34B8B90-F727-43D5-AC70-BEFB5922FB66}
		{D6A37A0E-F504-477B-903F-775D5E02B0A0} = {C34B8B90-F727-43D5-AC70-BEFB5922FB66}
		{6F6C6312-D149-416D-8AD4-1B6DE197391B} = {C34B8B90-F727-43D5-AC70-BEFB5922FB66}
		{7E436A50-A897-4599-A162-9FCA1673B3C2} = {C34B8B90-F727-43D5-AC70-BEFB5922FB66}
		{34780267-6FB3-4F87-B61D-04F81A9F83A7} = {C34B8B90-F727-43D5-AC70-BEFB5922FB66}
		{5529F692-514A-4DDE-9B6C-F47EA888496B} = {C34B8B90-F727-43D5-AC70-BEFB5922FB66}
		{DF6489D8-1CF8-4043-BAEC-E12662CA8EF3} = {226FD0A4-BF4F-454C-92AF-E41817844F9D}
		{66F65EB0-FFEC-4C00-93BA-32BEFC3D8CED} = {226FD0A4-BF4F-454C-92AF-E41817844F9D}
		{F06F7C97-EF21-4ED0-B0FE-F2413CDDBE8D} = {226FD0A4-BF4F-454C-92AF-E41817844F9D}
		{B6F63D1C-1916-4B9D-8511-24B85E161E27} = {226FD0A4-BF4F-454C-92AF-E41817844F9D}
		{63E2AEC3-3A85-480F-990F-286C8D7B35C8} = {226FD0A4-BF4F-454C-92AF-E41817844F9D}
		{CAC108A9-4E3E-464B-BC70-8AE0DAEBEFAF} = {226FD0A4-BF4F-454C-92AF-E41817844F9D}
		{CB9D3592-834A-4A7A-9439-F9580328792A} = {226FD0A4-BF4F-454C-92AF-E41817844F9D}
		{DEC7DCE6-D261-42E4-BDB0-3B99CFD600C4} = {226FD0A4-BF4F-454C-92AF-E41817844F9D}
		{0650F955-7299-4A65-8400-5980750D6FD8} = {226FD0A4-BF4F-454C-92AF-E41817844F9D}
		{384A21D2-331D-4DB4-9633-CBD3CD47B3D6} = {226FD0A4-BF4F-454C-92AF-E41817844F9D}
		{D67DBA15-D568-4BE2-8714-2A58FA6C1753} = {9C9C352C-2364-46E7-B910-7F92C69CB3CF}
		{111788E9-E05A-46AA-B890-DFB3C7AECBD8} = {9C9C352C-2364-46E7-B910-7F92C69CB3CF}
		{31F348A7-D2F9-4507-8033-40AF2D19269E} = {9C9C352C-2364-46E7-B910-7F92C69CB3CF}
		{34622C40-7F2F-4A02-B57D-E436E7479F27} = {9C9C352C-2364-46E7-B910-7F92C69CB3CF}
		{562ACF90-AB6B-428A-B510-7F8485802EEB} = {E064ACE9-0E16-4DF4-8835-4756E9B9D8E0}
		{46D6975E-C66B-4924-9CBA-6AB1A232C9C3} = {E064ACE9-0E16-4DF4-8835-4756E9B9D8E0}
		{25002B8B-343A-4BB7-9537-D2C7D9CCB76E} = {E064ACE9-0E16-4DF4-8835-4756E9B9D8E0}
		{E04880B9-366E-43C2-8690-9DFEDDA6CA16} = {E064ACE9-0E16-4DF4-8835-4756E9B9D8E0}
		{4FBB065A-B059-4B72-95BC-96BB0428BF93} = {E064ACE9-0E16-4DF4-8835-4756E9B9D8E0}
		{C4D0C333-D6FA-46D5-A513-AC71E4805789} = {E064ACE9-0E16-4DF4-8835-4756E9B9D8E0}
		{41E68FDF-FA6A-4BD5-8EC6-2455DDE95BCF} = {E064ACE9-0E16-4DF4-8835-4756E9B9D8E0}
		{9EAFE938-F79E-48E1-8394-D3F2EAFBBDCB} = {E064ACE9-0E16-4DF4-8835-4756E9B9D8E0}
		{87B199D5-1367-4015-A75E-74BCF53F07CB} = {E064ACE9-0E16-4DF4-8835-4756E9B9D8E0}
	EndGlobalSection
EndGlobal
