
Microsoft Visual Studio Solution File, Format Version 11.00
# Visual C# Express 2010
Project("{FAE04EC0-301F-11D3-BF4B-00C04F79EFBC}") = "LicenseActivation", "LicenseActivation.csproj", "{30F09B47-76F8-41C2-B714-16B8D83E8990}"
EndProject
Project("{FAE04EC0-301F-11D3-BF4B-00C04F79EFBC}") = "sla4", "sla4\sla4.csproj", "{7D1ED167-38FE-4E34-BFA3-3670C9068F19}"
EndProject
Global
	GlobalSection(SolutionConfigurationPlatforms) = preSolution
		Debug|Any CPU = Debug|Any CPU
		Release|Any CPU = Release|Any CPU
	EndGlobalSection
	GlobalSection(ProjectConfigurationPlatforms) = postSolution
		{30F09B47-76F8-41C2-B714-16B8D83E8990}.Debug|Any CPU.ActiveCfg = Debug|Any CPU
		{30F09B47-76F8-41C2-B714-16B8D83E8990}.Debug|Any CPU.Build.0 = Debug|Any CPU
		{30F09B47-76F8-41C2-B714-16B8D83E8990}.Release|Any CPU.ActiveCfg = Release|Any CPU
		{30F09B47-76F8-41C2-B714-16B8D83E8990}.Release|Any CPU.Build.0 = Release|Any CPU
		{7D1ED167-38FE-4E34-BFA3-3670C9068F19}.Debug|Any CPU.ActiveCfg = Debug|Any CPU
		{7D1ED167-38FE-4E34-BFA3-3670C9068F19}.Debug|Any CPU.Build.0 = Debug|Any CPU
		{7D1ED167-38FE-4E34-BFA3-3670C9068F19}.Release|Any CPU.ActiveCfg = Release|Any CPU
		{7D1ED167-38FE-4E34-BFA3-3670C9068F19}.Release|Any CPU.Build.0 = Release|Any CPU
	EndGlobalSection
	GlobalSection(SolutionProperties) = preSolution
		HideSolutionNode = FALSE
	EndGlobalSection
EndGlobal
