
Microsoft Visual Studio Solution File, Format Version 11.00
# Visual Studio 2010
Project("{2150E333-8FDC-42A3-9474-1A3956D46DE8}") = "Licensed", "Licensed", "{97AD602C-1FED-4EF9-BB11-341745224674}"
EndProject
Project("{FAE04EC0-301F-11D3-BF4B-00C04F79EFBC}") = "Siaqodb(Xamarin.iOS)", "Siaqodb(Xamarin.iOS).csproj", "{3B0C0A5E-87DC-49AB-A48B-EAC9100DE104}"
EndProject
Project("{FAE04EC0-301F-11D3-BF4B-00C04F79EFBC}") = "Siaqodb (Xamarin.Android)", "Siaqodb (Xamarin.Android).csproj", "{5244BC37-2892-43F5-BDC7-457D02B340A9}"
EndProject
Project("{FAE04EC0-301F-11D3-BF4B-00C04F79EFBC}") = "SiaqodbPortable (Xamarin)", "..\SiaqodbPortable\SiaqodbPortable (Xamarin).csproj", "{34780267-6FB3-4F87-B61D-04F81A9F83A7}"
EndProject
Project("{2150E333-8FDC-42A3-9474-1A3956D46DE8}") = "Xamarin.Tests", "Xamarin.Tests", "{A067D70F-EE42-40F8-A1DC-34EABBBF993D}"
EndProject
Project("{FAE04EC0-301F-11D3-BF4B-00C04F79EFBC}") = "Siaqodb.Xamarin.iOS.Examples", "..\..\Examples\Xamarin.iOS\SiaqodbMTDemo\Siaqodb.Xamarin.iOS.Examples.csproj", "{5E49B126-8D99-429B-A1B8-B079AC9A8E17}"
EndProject
Project("{FAE04EC0-301F-11D3-BF4B-00C04F79EFBC}") = "Siaqodb.Xamarin.Android.Examples", "..\..\Examples\Xamarin.Android\Siaqodb.Xamarin.Android.Examples.csproj", "{E6CA2A98-C42F-45AE-88B3-AD4E3F630334}"
EndProject
Project("{FAE04EC0-301F-11D3-BF4B-00C04F79EFBC}") = "MyPortable", "..\..\Examples\MyPortable\MyPortable.csproj", "{61D969B7-00EC-43DD-8DD4-2A88AED3F122}"
EndProject
Global
	GlobalSection(SolutionConfigurationPlatforms) = preSolution
		Debug|iPhoneSimulator = Debug|iPhoneSimulator
		Release|iPhoneSimulator = Release|iPhoneSimulator
		Debug|iPhone = Debug|iPhone
		Release|iPhone = Release|iPhone
		Ad-Hoc|iPhone = Ad-Hoc|iPhone
		AppStore|iPhone = AppStore|iPhone
	EndGlobalSection
	GlobalSection(ProjectConfigurationPlatforms) = postSolution
		{34780267-6FB3-4F87-B61D-04F81A9F83A7}.Ad-Hoc|iPhone.ActiveCfg = Debug|Any CPU
		{34780267-6FB3-4F87-B61D-04F81A9F83A7}.Ad-Hoc|iPhone.Build.0 = Debug|Any CPU
		{34780267-6FB3-4F87-B61D-04F81A9F83A7}.AppStore|iPhone.ActiveCfg = Debug|Any CPU
		{34780267-6FB3-4F87-B61D-04F81A9F83A7}.AppStore|iPhone.Build.0 = Debug|Any CPU
		{34780267-6FB3-4F87-B61D-04F81A9F83A7}.Debug|iPhone.ActiveCfg = Debug|Any CPU
		{34780267-6FB3-4F87-B61D-04F81A9F83A7}.Debug|iPhone.Build.0 = Debug|Any CPU
		{34780267-6FB3-4F87-B61D-04F81A9F83A7}.Debug|iPhoneSimulator.ActiveCfg = Debug|Any CPU
		{34780267-6FB3-4F87-B61D-04F81A9F83A7}.Debug|iPhoneSimulator.Build.0 = Debug|Any CPU
		{34780267-6FB3-4F87-B61D-04F81A9F83A7}.Release|iPhone.ActiveCfg = Release|Any CPU
		{34780267-6FB3-4F87-B61D-04F81A9F83A7}.Release|iPhone.Build.0 = Release|Any CPU
		{34780267-6FB3-4F87-B61D-04F81A9F83A7}.Release|iPhoneSimulator.ActiveCfg = Release|Any CPU
		{34780267-6FB3-4F87-B61D-04F81A9F83A7}.Release|iPhoneSimulator.Build.0 = Release|Any CPU
		{3B0C0A5E-87DC-49AB-A48B-EAC9100DE104}.Ad-Hoc|iPhone.ActiveCfg = Debug|iPhone
		{3B0C0A5E-87DC-49AB-A48B-EAC9100DE104}.Ad-Hoc|iPhone.Build.0 = Debug|iPhone
		{3B0C0A5E-87DC-49AB-A48B-EAC9100DE104}.AppStore|iPhone.ActiveCfg = Debug|iPhone
		{3B0C0A5E-87DC-49AB-A48B-EAC9100DE104}.AppStore|iPhone.Build.0 = Debug|iPhone
		{3B0C0A5E-87DC-49AB-A48B-EAC9100DE104}.Debug|iPhone.ActiveCfg = Debug|iPhone
		{3B0C0A5E-87DC-49AB-A48B-EAC9100DE104}.Debug|iPhone.Build.0 = Debug|iPhone
		{3B0C0A5E-87DC-49AB-A48B-EAC9100DE104}.Debug|iPhoneSimulator.ActiveCfg = Debug|iPhoneSimulator
		{3B0C0A5E-87DC-49AB-A48B-EAC9100DE104}.Debug|iPhoneSimulator.Build.0 = Debug|iPhoneSimulator
		{3B0C0A5E-87DC-49AB-A48B-EAC9100DE104}.Release|iPhone.ActiveCfg = Release|iPhone
		{3B0C0A5E-87DC-49AB-A48B-EAC9100DE104}.Release|iPhone.Build.0 = Release|iPhone
		{3B0C0A5E-87DC-49AB-A48B-EAC9100DE104}.Release|iPhoneSimulator.ActiveCfg = Release|iPhoneSimulator
		{3B0C0A5E-87DC-49AB-A48B-EAC9100DE104}.Release|iPhoneSimulator.Build.0 = Release|iPhoneSimulator
		{5244BC37-2892-43F5-BDC7-457D02B340A9}.Ad-Hoc|iPhone.ActiveCfg = Debug|Any CPU
		{5244BC37-2892-43F5-BDC7-457D02B340A9}.Ad-Hoc|iPhone.Build.0 = Debug|Any CPU
		{5244BC37-2892-43F5-BDC7-457D02B340A9}.AppStore|iPhone.ActiveCfg = Debug|Any CPU
		{5244BC37-2892-43F5-BDC7-457D02B340A9}.AppStore|iPhone.Build.0 = Debug|Any CPU
		{5244BC37-2892-43F5-BDC7-457D02B340A9}.Debug|iPhone.ActiveCfg = Debug|Any CPU
		{5244BC37-2892-43F5-BDC7-457D02B340A9}.Debug|iPhone.Build.0 = Debug|Any CPU
		{5244BC37-2892-43F5-BDC7-457D02B340A9}.Debug|iPhoneSimulator.ActiveCfg = Debug|Any CPU
		{5244BC37-2892-43F5-BDC7-457D02B340A9}.Debug|iPhoneSimulator.Build.0 = Debug|Any CPU
		{5244BC37-2892-43F5-BDC7-457D02B340A9}.Release|iPhone.ActiveCfg = Release|Any CPU
		{5244BC37-2892-43F5-BDC7-457D02B340A9}.Release|iPhone.Build.0 = Release|Any CPU
		{5244BC37-2892-43F5-BDC7-457D02B340A9}.Release|iPhoneSimulator.ActiveCfg = Release|Any CPU
		{5244BC37-2892-43F5-BDC7-457D02B340A9}.Release|iPhoneSimulator.Build.0 = Release|Any CPU
		{5E49B126-8D99-429B-A1B8-B079AC9A8E17}.Ad-Hoc|iPhone.ActiveCfg = Debug|iPhone
		{5E49B126-8D99-429B-A1B8-B079AC9A8E17}.Ad-Hoc|iPhone.Build.0 = Debug|iPhone
		{5E49B126-8D99-429B-A1B8-B079AC9A8E17}.AppStore|iPhone.ActiveCfg = Debug|iPhone
		{5E49B126-8D99-429B-A1B8-B079AC9A8E17}.AppStore|iPhone.Build.0 = Debug|iPhone
		{5E49B126-8D99-429B-A1B8-B079AC9A8E17}.Debug|iPhone.ActiveCfg = Debug|iPhone
		{5E49B126-8D99-429B-A1B8-B079AC9A8E17}.Debug|iPhone.Build.0 = Debug|iPhone
		{5E49B126-8D99-429B-A1B8-B079AC9A8E17}.Debug|iPhoneSimulator.ActiveCfg = Debug|iPhoneSimulator
		{5E49B126-8D99-429B-A1B8-B079AC9A8E17}.Debug|iPhoneSimulator.Build.0 = Debug|iPhoneSimulator
		{5E49B126-8D99-429B-A1B8-B079AC9A8E17}.Release|iPhone.ActiveCfg = Release|iPhone
		{5E49B126-8D99-429B-A1B8-B079AC9A8E17}.Release|iPhone.Build.0 = Release|iPhone
		{5E49B126-8D99-429B-A1B8-B079AC9A8E17}.Release|iPhoneSimulator.ActiveCfg = Release|iPhoneSimulator
		{5E49B126-8D99-429B-A1B8-B079AC9A8E17}.Release|iPhoneSimulator.Build.0 = Release|iPhoneSimulator
		{61D969B7-00EC-43DD-8DD4-2A88AED3F122}.Ad-Hoc|iPhone.ActiveCfg = Debug|Any CPU
		{61D969B7-00EC-43DD-8DD4-2A88AED3F122}.Ad-Hoc|iPhone.Build.0 = Debug|Any CPU
		{61D969B7-00EC-43DD-8DD4-2A88AED3F122}.AppStore|iPhone.ActiveCfg = Debug|Any CPU
		{61D969B7-00EC-43DD-8DD4-2A88AED3F122}.AppStore|iPhone.Build.0 = Debug|Any CPU
		{61D969B7-00EC-43DD-8DD4-2A88AED3F122}.Debug|iPhone.ActiveCfg = Debug|Any CPU
		{61D969B7-00EC-43DD-8DD4-2A88AED3F122}.Debug|iPhone.Build.0 = Debug|Any CPU
		{61D969B7-00EC-43DD-8DD4-2A88AED3F122}.Debug|iPhoneSimulator.ActiveCfg = Debug|Any CPU
		{61D969B7-00EC-43DD-8DD4-2A88AED3F122}.Debug|iPhoneSimulator.Build.0 = Debug|Any CPU
		{61D969B7-00EC-43DD-8DD4-2A88AED3F122}.Release|iPhone.ActiveCfg = Release|Any CPU
		{61D969B7-00EC-43DD-8DD4-2A88AED3F122}.Release|iPhone.Build.0 = Release|Any CPU
		{61D969B7-00EC-43DD-8DD4-2A88AED3F122}.Release|iPhoneSimulator.ActiveCfg = Release|Any CPU
		{61D969B7-00EC-43DD-8DD4-2A88AED3F122}.Release|iPhoneSimulator.Build.0 = Release|Any CPU
		{E6CA2A98-C42F-45AE-88B3-AD4E3F630334}.Ad-Hoc|iPhone.ActiveCfg = Debug|Any CPU
		{E6CA2A98-C42F-45AE-88B3-AD4E3F630334}.Ad-Hoc|iPhone.Build.0 = Debug|Any CPU
		{E6CA2A98-C42F-45AE-88B3-AD4E3F630334}.AppStore|iPhone.ActiveCfg = Debug|Any CPU
		{E6CA2A98-C42F-45AE-88B3-AD4E3F630334}.AppStore|iPhone.Build.0 = Debug|Any CPU
		{E6CA2A98-C42F-45AE-88B3-AD4E3F630334}.Debug|iPhone.ActiveCfg = Debug|Any CPU
		{E6CA2A98-C42F-45AE-88B3-AD4E3F630334}.Debug|iPhone.Build.0 = Debug|Any CPU
		{E6CA2A98-C42F-45AE-88B3-AD4E3F630334}.Debug|iPhoneSimulator.ActiveCfg = Debug|Any CPU
		{E6CA2A98-C42F-45AE-88B3-AD4E3F630334}.Debug|iPhoneSimulator.Build.0 = Debug|Any CPU
		{E6CA2A98-C42F-45AE-88B3-AD4E3F630334}.Release|iPhone.ActiveCfg = Release|Any CPU
		{E6CA2A98-C42F-45AE-88B3-AD4E3F630334}.Release|iPhone.Build.0 = Release|Any CPU
		{E6CA2A98-C42F-45AE-88B3-AD4E3F630334}.Release|iPhoneSimulator.ActiveCfg = Release|Any CPU
		{E6CA2A98-C42F-45AE-88B3-AD4E3F630334}.Release|iPhoneSimulator.Build.0 = Release|Any CPU
		{73FDB95B-31E4-48EF-9E80-0B592BA19AE2}.Debug|iPhone.ActiveCfg = Debug|Any CPU
		{73FDB95B-31E4-48EF-9E80-0B592BA19AE2}.Debug|iPhone.Build.0 = Debug|Any CPU
		{73FDB95B-31E4-48EF-9E80-0B592BA19AE2}.Debug|iPhoneSimulator.ActiveCfg = Debug|Any CPU
		{73FDB95B-31E4-48EF-9E80-0B592BA19AE2}.Debug|iPhoneSimulator.Build.0 = Debug|Any CPU
		{73FDB95B-31E4-48EF-9E80-0B592BA19AE2}.Release|iPhone.ActiveCfg = Release|Any CPU
		{73FDB95B-31E4-48EF-9E80-0B592BA19AE2}.Release|iPhone.Build.0 = Release|Any CPU
		{73FDB95B-31E4-48EF-9E80-0B592BA19AE2}.Release|iPhoneSimulator.ActiveCfg = Release|Any CPU
		{73FDB95B-31E4-48EF-9E80-0B592BA19AE2}.Release|iPhoneSimulator.Build.0 = Release|Any CPU
		{C1BA127F-10B1-4E62-ABD0-7DB1112139A9}.Debug|iPhone.ActiveCfg = Debug|iPhone
		{C1BA127F-10B1-4E62-ABD0-7DB1112139A9}.Debug|iPhone.Build.0 = Debug|iPhone
		{C1BA127F-10B1-4E62-ABD0-7DB1112139A9}.Debug|iPhoneSimulator.ActiveCfg = Debug|iPhoneSimulator
		{C1BA127F-10B1-4E62-ABD0-7DB1112139A9}.Debug|iPhoneSimulator.Build.0 = Debug|iPhoneSimulator
		{C1BA127F-10B1-4E62-ABD0-7DB1112139A9}.Release|iPhone.ActiveCfg = Release|iPhone
		{C1BA127F-10B1-4E62-ABD0-7DB1112139A9}.Release|iPhone.Build.0 = Release|iPhone
		{C1BA127F-10B1-4E62-ABD0-7DB1112139A9}.Release|iPhoneSimulator.ActiveCfg = Release|iPhoneSimulator
		{C1BA127F-10B1-4E62-ABD0-7DB1112139A9}.Release|iPhoneSimulator.Build.0 = Release|iPhoneSimulator
	EndGlobalSection
	GlobalSection(NestedProjects) = preSolution
		{3B0C0A5E-87DC-49AB-A48B-EAC9100DE104} = {97AD602C-1FED-4EF9-BB11-341745224674}
		{5244BC37-2892-43F5-BDC7-457D02B340A9} = {97AD602C-1FED-4EF9-BB11-341745224674}
		{34780267-6FB3-4F87-B61D-04F81A9F83A7} = {97AD602C-1FED-4EF9-BB11-341745224674}
		{5E49B126-8D99-429B-A1B8-B079AC9A8E17} = {A067D70F-EE42-40F8-A1DC-34EABBBF993D}
		{E6CA2A98-C42F-45AE-88B3-AD4E3F630334} = {A067D70F-EE42-40F8-A1DC-34EABBBF993D}
		{61D969B7-00EC-43DD-8DD4-2A88AED3F122} = {A067D70F-EE42-40F8-A1DC-34EABBBF993D}
	EndGlobalSection
	GlobalSection(MonoDevelopProperties) = preSolution
		StartupItem = ..\..\Examples\Xamarin.iOS\SiaqodbMTDemo\Siaqodb.Xamarin.iOS.Examples.csproj
	EndGlobalSection
EndGlobal
